<?xml version="1.0" encoding="utf-8"?>
<Project ToolsVersion="4.0" xmlns="http://schemas.microsoft.com/developer/msbuild/2003">
  <ItemGroup>
    <Filter Include="Libraries">
      <UniqueIdentifier>{0259E1F6-6EC3-956D-B701-471323AB73C2}</UniqueIdentifier>
    </Filter>
    <Filter Include="Libraries\glm">
      <UniqueIdentifier>{519425CA-BD54-A100-868F-EA7DF20EE6DC}</UniqueIdentifier>
    </Filter>
    <Filter Include="Libraries\glm\glm">
      <UniqueIdentifier>{20DFA4D0-8CF5-A266-D56C-2E8841C273EE}</UniqueIdentifier>
    </Filter>
    <Filter Include="Libraries\glm\glm\detail">
      <UniqueIdentifier>{E2926823-CEB7-B7A3-F702-9D33E386B6C1}</UniqueIdentifier>
    </Filter>
    <Filter Include="Libraries\glm\glm\ext">
      <UniqueIdentifier>{80F25A48-EC5E-1643-B552-AEA0217E38AB}</UniqueIdentifier>
    </Filter>
    <Filter Include="Libraries\glm\glm\gtc">
      <UniqueIdentifier>{6DFA5A48-D966-1643-A25A-AEA00E8638AB}</UniqueIdentifier>
    </Filter>
    <Filter Include="Libraries\glm\glm\gtx">
      <UniqueIdentifier>{82FA5A48-EE66-1643-B75A-AEA0238638AB}</UniqueIdentifier>
    </Filter>
    <Filter Include="Libraries\stb_image">
      <UniqueIdentifier>{1CB49886-8815-7694-1183-BC467DE3AC53}</UniqueIdentifier>
    </Filter>
    <Filter Include="Lua">
      <UniqueIdentifier>{A705880B-130F-887C-9C8A-9E7C0893937C}</UniqueIdentifier>
    </Filter>
    <Filter Include="Lua\LuaBridge">
      <UniqueIdentifier>{85B194FE-F171-1035-BAAC-59B2262C5511}</UniqueIdentifier>
    </Filter>
    <Filter Include="Lua\LuaBridge\detail">
      <UniqueIdentifier>{A72111A5-93B0-9A6E-3CCF-AE69283DAB14}</UniqueIdentifier>
    </Filter>
    <Filter Include="Lua\include">
      <UniqueIdentifier>{1AE47779-8699-F06E-0F8E-EA457B42E772}</UniqueIdentifier>
    </Filter>
    <Filter Include="Source">
      <UniqueIdentifier>{56EB95D1-428D-C0A7-2B48-D4FB178947F8}</UniqueIdentifier>
    </Filter>
    <Filter Include="Source\Core">
      <UniqueIdentifier>{6E95150F-DA4A-8E04-633F-88DBCFF38408}</UniqueIdentifier>
    </Filter>
    <Filter Include="Source\Core\Animation">
      <UniqueIdentifier>{DD6F7E5E-49DC-3959-12D0-D1B67EFB5BC1}</UniqueIdentifier>
    </Filter>
    <Filter Include="Source\Core\Audio">
      <UniqueIdentifier>{EFFD3376-5B14-320C-A48B-BD2D10E10294}</UniqueIdentifier>
    </Filter>
    <Filter Include="Source\Core\ECS">
      <UniqueIdentifier>{B890B921-241C-27E6-2D2D-AADA993783E6}</UniqueIdentifier>
    </Filter>
    <Filter Include="Source\Core\ECS\ComponentTuples">
      <UniqueIdentifier>{B7E5A826-23C9-B766-2CCC-E5A2982E7EB7}</UniqueIdentifier>
    </Filter>
    <Filter Include="Source\Core\ECS\Components">
      <UniqueIdentifier>{CD92B76C-B9A2-633D-225C-C85B0E8B52D6}</UniqueIdentifier>
    </Filter>
    <Filter Include="Source\Core\ECS\Components\Singletons">
      <UniqueIdentifier>{A20241BD-0EC7-3FAD-D72C-707743B0DBE2}</UniqueIdentifier>
    </Filter>
    <Filter Include="Source\Core\ECS\Systems">
      <UniqueIdentifier>{BF1E95FB-2B56-DD92-3460-41B6A016048C}</UniqueIdentifier>
    </Filter>
    <Filter Include="Source\Core\Events">
      <UniqueIdentifier>{92191B46-7EFD-DB9B-E75D-D6EED360C61D}</UniqueIdentifier>
    </Filter>
    <Filter Include="Source\Core\ImGui">
      <UniqueIdentifier>{18E5BF76-84FB-BD0C-CD72-492E39C88E94}</UniqueIdentifier>
    </Filter>
    <Filter Include="Source\Core\ImGui\FileBrowser">
      <UniqueIdentifier>{8BC60963-F7DE-F08C-C08B-80262C638526}</UniqueIdentifier>
    </Filter>
    <Filter Include="Source\Core\ImGui\NodeEditor">
      <UniqueIdentifier>{543A9C34-40F5-8BE0-E9AC-042BD546D670}</UniqueIdentifier>
    </Filter>
    <Filter Include="Source\Core\Networking">
      <UniqueIdentifier>{C55D9593-B157-BEE5-9AC4-54F6865D2452}</UniqueIdentifier>
    </Filter>
    <Filter Include="Source\Core\Physics2D">
      <UniqueIdentifier>{96656886-02D2-2381-CBC5-BBDE37F145E9}</UniqueIdentifier>
    </Filter>
    <Filter Include="Source\Core\Physics2D\Box2D">
      <UniqueIdentifier>{24688BFB-9075-B9E1-195C-B5CC85688598}</UniqueIdentifier>
    </Filter>
    <Filter Include="Source\Core\Renderer">
      <UniqueIdentifier>{D4D44230-C063-CCF9-6982-E0F455F0DC9F}</UniqueIdentifier>
    </Filter>
    <Filter Include="Source\Core\Renderer\OpenGL">
      <UniqueIdentifier>{88472D1F-F454-5B05-7D3B-57F0E94727BC}</UniqueIdentifier>
    </Filter>
    <Filter Include="Source\Core\Renderer\Vulkan">
      <UniqueIdentifier>{D4ABDF2F-40B9-0D16-C99F-090135ACD9CC}</UniqueIdentifier>
    </Filter>
    <Filter Include="Source\Core\Scripting">
      <UniqueIdentifier>{F02BF114-5C98-AC0F-258C-446D91B7CE77}</UniqueIdentifier>
    </Filter>
    <Filter Include="Source\Core\Scripting\BaseClasses">
      <UniqueIdentifier>{C88A1FFF-34F9-747E-7DE2-2F7EE98F6A1A}</UniqueIdentifier>
    </Filter>
    <Filter Include="Source\Core\UI">
      <UniqueIdentifier>{DB99E684-C767-DA8A-B0FB-4AB19C68B6EF}</UniqueIdentifier>
    </Filter>
  </ItemGroup>
  <ItemGroup>
    <ClInclude Include="Libraries\glm\glm\common.hpp">
      <Filter>Libraries\glm\glm</Filter>
    </ClInclude>
    <ClInclude Include="Libraries\glm\glm\detail\_features.hpp">
      <Filter>Libraries\glm\glm\detail</Filter>
    </ClInclude>
    <ClInclude Include="Libraries\glm\glm\detail\_fixes.hpp">
      <Filter>Libraries\glm\glm\detail</Filter>
    </ClInclude>
    <ClInclude Include="Libraries\glm\glm\detail\_noise.hpp">
      <Filter>Libraries\glm\glm\detail</Filter>
    </ClInclude>
    <ClInclude Include="Libraries\glm\glm\detail\_swizzle.hpp">
      <Filter>Libraries\glm\glm\detail</Filter>
    </ClInclude>
    <ClInclude Include="Libraries\glm\glm\detail\_swizzle_func.hpp">
      <Filter>Libraries\glm\glm\detail</Filter>
    </ClInclude>
    <ClInclude Include="Libraries\glm\glm\detail\_vectorize.hpp">
      <Filter>Libraries\glm\glm\detail</Filter>
    </ClInclude>
    <ClInclude Include="Libraries\glm\glm\detail\compute_common.hpp">
      <Filter>Libraries\glm\glm\detail</Filter>
    </ClInclude>
    <ClInclude Include="Libraries\glm\glm\detail\compute_vector_relational.hpp">
      <Filter>Libraries\glm\glm\detail</Filter>
    </ClInclude>
    <ClInclude Include="Libraries\glm\glm\detail\func_common.inl">
      <Filter>Libraries\glm\glm\detail</Filter>
    </ClInclude>
    <ClInclude Include="Libraries\glm\glm\detail\func_common_simd.inl">
      <Filter>Libraries\glm\glm\detail</Filter>
    </ClInclude>
    <ClInclude Include="Libraries\glm\glm\detail\func_exponential.inl">
      <Filter>Libraries\glm\glm\detail</Filter>
    </ClInclude>
    <ClInclude Include="Libraries\glm\glm\detail\func_exponential_simd.inl">
      <Filter>Libraries\glm\glm\detail</Filter>
    </ClInclude>
    <ClInclude Include="Libraries\glm\glm\detail\func_geometric.inl">
      <Filter>Libraries\glm\glm\detail</Filter>
    </ClInclude>
    <ClInclude Include="Libraries\glm\glm\detail\func_geometric_simd.inl">
      <Filter>Libraries\glm\glm\detail</Filter>
    </ClInclude>
    <ClInclude Include="Libraries\glm\glm\detail\func_integer.inl">
      <Filter>Libraries\glm\glm\detail</Filter>
    </ClInclude>
    <ClInclude Include="Libraries\glm\glm\detail\func_integer_simd.inl">
      <Filter>Libraries\glm\glm\detail</Filter>
    </ClInclude>
    <ClInclude Include="Libraries\glm\glm\detail\func_matrix.inl">
      <Filter>Libraries\glm\glm\detail</Filter>
    </ClInclude>
    <ClInclude Include="Libraries\glm\glm\detail\func_matrix_simd.inl">
      <Filter>Libraries\glm\glm\detail</Filter>
    </ClInclude>
    <ClInclude Include="Libraries\glm\glm\detail\func_packing.inl">
      <Filter>Libraries\glm\glm\detail</Filter>
    </ClInclude>
    <ClInclude Include="Libraries\glm\glm\detail\func_packing_simd.inl">
      <Filter>Libraries\glm\glm\detail</Filter>
    </ClInclude>
    <ClInclude Include="Libraries\glm\glm\detail\func_trigonometric.inl">
      <Filter>Libraries\glm\glm\detail</Filter>
    </ClInclude>
    <ClInclude Include="Libraries\glm\glm\detail\func_trigonometric_simd.inl">
      <Filter>Libraries\glm\glm\detail</Filter>
    </ClInclude>
    <ClInclude Include="Libraries\glm\glm\detail\func_vector_relational.inl">
      <Filter>Libraries\glm\glm\detail</Filter>
    </ClInclude>
    <ClInclude Include="Libraries\glm\glm\detail\func_vector_relational_simd.inl">
      <Filter>Libraries\glm\glm\detail</Filter>
    </ClInclude>
    <ClInclude Include="Libraries\glm\glm\detail\qualifier.hpp">
      <Filter>Libraries\glm\glm\detail</Filter>
    </ClInclude>
    <ClInclude Include="Libraries\glm\glm\detail\setup.hpp">
      <Filter>Libraries\glm\glm\detail</Filter>
    </ClInclude>
    <ClInclude Include="Libraries\glm\glm\detail\type_float.hpp">
      <Filter>Libraries\glm\glm\detail</Filter>
    </ClInclude>
    <ClInclude Include="Libraries\glm\glm\detail\type_half.hpp">
      <Filter>Libraries\glm\glm\detail</Filter>
    </ClInclude>
    <ClInclude Include="Libraries\glm\glm\detail\type_half.inl">
      <Filter>Libraries\glm\glm\detail</Filter>
    </ClInclude>
    <ClInclude Include="Libraries\glm\glm\detail\type_mat2x2.hpp">
      <Filter>Libraries\glm\glm\detail</Filter>
    </ClInclude>
    <ClInclude Include="Libraries\glm\glm\detail\type_mat2x2.inl">
      <Filter>Libraries\glm\glm\detail</Filter>
    </ClInclude>
    <ClInclude Include="Libraries\glm\glm\detail\type_mat2x3.hpp">
      <Filter>Libraries\glm\glm\detail</Filter>
    </ClInclude>
    <ClInclude Include="Libraries\glm\glm\detail\type_mat2x3.inl">
      <Filter>Libraries\glm\glm\detail</Filter>
    </ClInclude>
    <ClInclude Include="Libraries\glm\glm\detail\type_mat2x4.hpp">
      <Filter>Libraries\glm\glm\detail</Filter>
    </ClInclude>
    <ClInclude Include="Libraries\glm\glm\detail\type_mat2x4.inl">
      <Filter>Libraries\glm\glm\detail</Filter>
    </ClInclude>
    <ClInclude Include="Libraries\glm\glm\detail\type_mat3x2.hpp">
      <Filter>Libraries\glm\glm\detail</Filter>
    </ClInclude>
    <ClInclude Include="Libraries\glm\glm\detail\type_mat3x2.inl">
      <Filter>Libraries\glm\glm\detail</Filter>
    </ClInclude>
    <ClInclude Include="Libraries\glm\glm\detail\type_mat3x3.hpp">
      <Filter>Libraries\glm\glm\detail</Filter>
    </ClInclude>
    <ClInclude Include="Libraries\glm\glm\detail\type_mat3x3.inl">
      <Filter>Libraries\glm\glm\detail</Filter>
    </ClInclude>
    <ClInclude Include="Libraries\glm\glm\detail\type_mat3x4.hpp">
      <Filter>Libraries\glm\glm\detail</Filter>
    </ClInclude>
    <ClInclude Include="Libraries\glm\glm\detail\type_mat3x4.inl">
      <Filter>Libraries\glm\glm\detail</Filter>
    </ClInclude>
    <ClInclude Include="Libraries\glm\glm\detail\type_mat4x2.hpp">
      <Filter>Libraries\glm\glm\detail</Filter>
    </ClInclude>
    <ClInclude Include="Libraries\glm\glm\detail\type_mat4x2.inl">
      <Filter>Libraries\glm\glm\detail</Filter>
    </ClInclude>
    <ClInclude Include="Libraries\glm\glm\detail\type_mat4x3.hpp">
      <Filter>Libraries\glm\glm\detail</Filter>
    </ClInclude>
    <ClInclude Include="Libraries\glm\glm\detail\type_mat4x3.inl">
      <Filter>Libraries\glm\glm\detail</Filter>
    </ClInclude>
    <ClInclude Include="Libraries\glm\glm\detail\type_mat4x4.hpp">
      <Filter>Libraries\glm\glm\detail</Filter>
    </ClInclude>
    <ClInclude Include="Libraries\glm\glm\detail\type_mat4x4.inl">
      <Filter>Libraries\glm\glm\detail</Filter>
    </ClInclude>
    <ClInclude Include="Libraries\glm\glm\detail\type_mat4x4_simd.inl">
      <Filter>Libraries\glm\glm\detail</Filter>
    </ClInclude>
    <ClInclude Include="Libraries\glm\glm\detail\type_quat.hpp">
      <Filter>Libraries\glm\glm\detail</Filter>
    </ClInclude>
    <ClInclude Include="Libraries\glm\glm\detail\type_quat.inl">
      <Filter>Libraries\glm\glm\detail</Filter>
    </ClInclude>
    <ClInclude Include="Libraries\glm\glm\detail\type_quat_simd.inl">
      <Filter>Libraries\glm\glm\detail</Filter>
    </ClInclude>
    <ClInclude Include="Libraries\glm\glm\detail\type_vec1.hpp">
      <Filter>Libraries\glm\glm\detail</Filter>
    </ClInclude>
    <ClInclude Include="Libraries\glm\glm\detail\type_vec1.inl">
      <Filter>Libraries\glm\glm\detail</Filter>
    </ClInclude>
    <ClInclude Include="Libraries\glm\glm\detail\type_vec2.hpp">
      <Filter>Libraries\glm\glm\detail</Filter>
    </ClInclude>
    <ClInclude Include="Libraries\glm\glm\detail\type_vec2.inl">
      <Filter>Libraries\glm\glm\detail</Filter>
    </ClInclude>
    <ClInclude Include="Libraries\glm\glm\detail\type_vec3.hpp">
      <Filter>Libraries\glm\glm\detail</Filter>
    </ClInclude>
    <ClInclude Include="Libraries\glm\glm\detail\type_vec3.inl">
      <Filter>Libraries\glm\glm\detail</Filter>
    </ClInclude>
    <ClInclude Include="Libraries\glm\glm\detail\type_vec4.hpp">
      <Filter>Libraries\glm\glm\detail</Filter>
    </ClInclude>
    <ClInclude Include="Libraries\glm\glm\detail\type_vec4.inl">
      <Filter>Libraries\glm\glm\detail</Filter>
    </ClInclude>
    <ClInclude Include="Libraries\glm\glm\detail\type_vec4_simd.inl">
      <Filter>Libraries\glm\glm\detail</Filter>
    </ClInclude>
    <ClInclude Include="Libraries\glm\glm\exponential.hpp">
      <Filter>Libraries\glm\glm</Filter>
    </ClInclude>
    <ClInclude Include="Libraries\glm\glm\ext.hpp">
      <Filter>Libraries\glm\glm</Filter>
    </ClInclude>
    <ClInclude Include="Libraries\glm\glm\ext\matrix_clip_space.hpp">
      <Filter>Libraries\glm\glm\ext</Filter>
    </ClInclude>
    <ClInclude Include="Libraries\glm\glm\ext\matrix_clip_space.inl">
      <Filter>Libraries\glm\glm\ext</Filter>
    </ClInclude>
    <ClInclude Include="Libraries\glm\glm\ext\matrix_double2x2.hpp">
      <Filter>Libraries\glm\glm\ext</Filter>
    </ClInclude>
    <ClInclude Include="Libraries\glm\glm\ext\matrix_double2x2_precision.hpp">
      <Filter>Libraries\glm\glm\ext</Filter>
    </ClInclude>
    <ClInclude Include="Libraries\glm\glm\ext\matrix_double2x3.hpp">
      <Filter>Libraries\glm\glm\ext</Filter>
    </ClInclude>
    <ClInclude Include="Libraries\glm\glm\ext\matrix_double2x3_precision.hpp">
      <Filter>Libraries\glm\glm\ext</Filter>
    </ClInclude>
    <ClInclude Include="Libraries\glm\glm\ext\matrix_double2x4.hpp">
      <Filter>Libraries\glm\glm\ext</Filter>
    </ClInclude>
    <ClInclude Include="Libraries\glm\glm\ext\matrix_double2x4_precision.hpp">
      <Filter>Libraries\glm\glm\ext</Filter>
    </ClInclude>
    <ClInclude Include="Libraries\glm\glm\ext\matrix_double3x2.hpp">
      <Filter>Libraries\glm\glm\ext</Filter>
    </ClInclude>
    <ClInclude Include="Libraries\glm\glm\ext\matrix_double3x2_precision.hpp">
      <Filter>Libraries\glm\glm\ext</Filter>
    </ClInclude>
    <ClInclude Include="Libraries\glm\glm\ext\matrix_double3x3.hpp">
      <Filter>Libraries\glm\glm\ext</Filter>
    </ClInclude>
    <ClInclude Include="Libraries\glm\glm\ext\matrix_double3x3_precision.hpp">
      <Filter>Libraries\glm\glm\ext</Filter>
    </ClInclude>
    <ClInclude Include="Libraries\glm\glm\ext\matrix_double3x4.hpp">
      <Filter>Libraries\glm\glm\ext</Filter>
    </ClInclude>
    <ClInclude Include="Libraries\glm\glm\ext\matrix_double3x4_precision.hpp">
      <Filter>Libraries\glm\glm\ext</Filter>
    </ClInclude>
    <ClInclude Include="Libraries\glm\glm\ext\matrix_double4x2.hpp">
      <Filter>Libraries\glm\glm\ext</Filter>
    </ClInclude>
    <ClInclude Include="Libraries\glm\glm\ext\matrix_double4x2_precision.hpp">
      <Filter>Libraries\glm\glm\ext</Filter>
    </ClInclude>
    <ClInclude Include="Libraries\glm\glm\ext\matrix_double4x3.hpp">
      <Filter>Libraries\glm\glm\ext</Filter>
    </ClInclude>
    <ClInclude Include="Libraries\glm\glm\ext\matrix_double4x3_precision.hpp">
      <Filter>Libraries\glm\glm\ext</Filter>
    </ClInclude>
    <ClInclude Include="Libraries\glm\glm\ext\matrix_double4x4.hpp">
      <Filter>Libraries\glm\glm\ext</Filter>
    </ClInclude>
    <ClInclude Include="Libraries\glm\glm\ext\matrix_double4x4_precision.hpp">
      <Filter>Libraries\glm\glm\ext</Filter>
    </ClInclude>
    <ClInclude Include="Libraries\glm\glm\ext\matrix_float2x2.hpp">
      <Filter>Libraries\glm\glm\ext</Filter>
    </ClInclude>
    <ClInclude Include="Libraries\glm\glm\ext\matrix_float2x2_precision.hpp">
      <Filter>Libraries\glm\glm\ext</Filter>
    </ClInclude>
    <ClInclude Include="Libraries\glm\glm\ext\matrix_float2x3.hpp">
      <Filter>Libraries\glm\glm\ext</Filter>
    </ClInclude>
    <ClInclude Include="Libraries\glm\glm\ext\matrix_float2x3_precision.hpp">
      <Filter>Libraries\glm\glm\ext</Filter>
    </ClInclude>
    <ClInclude Include="Libraries\glm\glm\ext\matrix_float2x4.hpp">
      <Filter>Libraries\glm\glm\ext</Filter>
    </ClInclude>
    <ClInclude Include="Libraries\glm\glm\ext\matrix_float2x4_precision.hpp">
      <Filter>Libraries\glm\glm\ext</Filter>
    </ClInclude>
    <ClInclude Include="Libraries\glm\glm\ext\matrix_float3x2.hpp">
      <Filter>Libraries\glm\glm\ext</Filter>
    </ClInclude>
    <ClInclude Include="Libraries\glm\glm\ext\matrix_float3x2_precision.hpp">
      <Filter>Libraries\glm\glm\ext</Filter>
    </ClInclude>
    <ClInclude Include="Libraries\glm\glm\ext\matrix_float3x3.hpp">
      <Filter>Libraries\glm\glm\ext</Filter>
    </ClInclude>
    <ClInclude Include="Libraries\glm\glm\ext\matrix_float3x3_precision.hpp">
      <Filter>Libraries\glm\glm\ext</Filter>
    </ClInclude>
    <ClInclude Include="Libraries\glm\glm\ext\matrix_float3x4.hpp">
      <Filter>Libraries\glm\glm\ext</Filter>
    </ClInclude>
    <ClInclude Include="Libraries\glm\glm\ext\matrix_float3x4_precision.hpp">
      <Filter>Libraries\glm\glm\ext</Filter>
    </ClInclude>
    <ClInclude Include="Libraries\glm\glm\ext\matrix_float4x2.hpp">
      <Filter>Libraries\glm\glm\ext</Filter>
    </ClInclude>
    <ClInclude Include="Libraries\glm\glm\ext\matrix_float4x2_precision.hpp">
      <Filter>Libraries\glm\glm\ext</Filter>
    </ClInclude>
    <ClInclude Include="Libraries\glm\glm\ext\matrix_float4x3.hpp">
      <Filter>Libraries\glm\glm\ext</Filter>
    </ClInclude>
    <ClInclude Include="Libraries\glm\glm\ext\matrix_float4x3_precision.hpp">
      <Filter>Libraries\glm\glm\ext</Filter>
    </ClInclude>
    <ClInclude Include="Libraries\glm\glm\ext\matrix_float4x4.hpp">
      <Filter>Libraries\glm\glm\ext</Filter>
    </ClInclude>
    <ClInclude Include="Libraries\glm\glm\ext\matrix_float4x4_precision.hpp">
      <Filter>Libraries\glm\glm\ext</Filter>
    </ClInclude>
    <ClInclude Include="Libraries\glm\glm\ext\matrix_projection.hpp">
      <Filter>Libraries\glm\glm\ext</Filter>
    </ClInclude>
    <ClInclude Include="Libraries\glm\glm\ext\matrix_projection.inl">
      <Filter>Libraries\glm\glm\ext</Filter>
    </ClInclude>
    <ClInclude Include="Libraries\glm\glm\ext\matrix_relational.hpp">
      <Filter>Libraries\glm\glm\ext</Filter>
    </ClInclude>
    <ClInclude Include="Libraries\glm\glm\ext\matrix_relational.inl">
      <Filter>Libraries\glm\glm\ext</Filter>
    </ClInclude>
    <ClInclude Include="Libraries\glm\glm\ext\matrix_transform.hpp">
      <Filter>Libraries\glm\glm\ext</Filter>
    </ClInclude>
    <ClInclude Include="Libraries\glm\glm\ext\matrix_transform.inl">
      <Filter>Libraries\glm\glm\ext</Filter>
    </ClInclude>
    <ClInclude Include="Libraries\glm\glm\ext\quaternion_common.hpp">
      <Filter>Libraries\glm\glm\ext</Filter>
    </ClInclude>
    <ClInclude Include="Libraries\glm\glm\ext\quaternion_common.inl">
      <Filter>Libraries\glm\glm\ext</Filter>
    </ClInclude>
    <ClInclude Include="Libraries\glm\glm\ext\quaternion_common_simd.inl">
      <Filter>Libraries\glm\glm\ext</Filter>
    </ClInclude>
    <ClInclude Include="Libraries\glm\glm\ext\quaternion_double.hpp">
      <Filter>Libraries\glm\glm\ext</Filter>
    </ClInclude>
    <ClInclude Include="Libraries\glm\glm\ext\quaternion_double_precision.hpp">
      <Filter>Libraries\glm\glm\ext</Filter>
    </ClInclude>
    <ClInclude Include="Libraries\glm\glm\ext\quaternion_exponential.hpp">
      <Filter>Libraries\glm\glm\ext</Filter>
    </ClInclude>
    <ClInclude Include="Libraries\glm\glm\ext\quaternion_exponential.inl">
      <Filter>Libraries\glm\glm\ext</Filter>
    </ClInclude>
    <ClInclude Include="Libraries\glm\glm\ext\quaternion_float.hpp">
      <Filter>Libraries\glm\glm\ext</Filter>
    </ClInclude>
    <ClInclude Include="Libraries\glm\glm\ext\quaternion_float_precision.hpp">
      <Filter>Libraries\glm\glm\ext</Filter>
    </ClInclude>
    <ClInclude Include="Libraries\glm\glm\ext\quaternion_geometric.hpp">
      <Filter>Libraries\glm\glm\ext</Filter>
    </ClInclude>
    <ClInclude Include="Libraries\glm\glm\ext\quaternion_geometric.inl">
      <Filter>Libraries\glm\glm\ext</Filter>
    </ClInclude>
    <ClInclude Include="Libraries\glm\glm\ext\quaternion_relational.hpp">
      <Filter>Libraries\glm\glm\ext</Filter>
    </ClInclude>
    <ClInclude Include="Libraries\glm\glm\ext\quaternion_relational.inl">
      <Filter>Libraries\glm\glm\ext</Filter>
    </ClInclude>
    <ClInclude Include="Libraries\glm\glm\ext\quaternion_transform.hpp">
      <Filter>Libraries\glm\glm\ext</Filter>
    </ClInclude>
    <ClInclude Include="Libraries\glm\glm\ext\quaternion_transform.inl">
      <Filter>Libraries\glm\glm\ext</Filter>
    </ClInclude>
    <ClInclude Include="Libraries\glm\glm\ext\quaternion_trigonometric.hpp">
      <Filter>Libraries\glm\glm\ext</Filter>
    </ClInclude>
    <ClInclude Include="Libraries\glm\glm\ext\quaternion_trigonometric.inl">
      <Filter>Libraries\glm\glm\ext</Filter>
    </ClInclude>
    <ClInclude Include="Libraries\glm\glm\ext\scalar_common.hpp">
      <Filter>Libraries\glm\glm\ext</Filter>
    </ClInclude>
    <ClInclude Include="Libraries\glm\glm\ext\scalar_common.inl">
      <Filter>Libraries\glm\glm\ext</Filter>
    </ClInclude>
    <ClInclude Include="Libraries\glm\glm\ext\scalar_constants.hpp">
      <Filter>Libraries\glm\glm\ext</Filter>
    </ClInclude>
    <ClInclude Include="Libraries\glm\glm\ext\scalar_constants.inl">
      <Filter>Libraries\glm\glm\ext</Filter>
    </ClInclude>
    <ClInclude Include="Libraries\glm\glm\ext\scalar_int_sized.hpp">
      <Filter>Libraries\glm\glm\ext</Filter>
    </ClInclude>
    <ClInclude Include="Libraries\glm\glm\ext\scalar_relational.hpp">
      <Filter>Libraries\glm\glm\ext</Filter>
    </ClInclude>
    <ClInclude Include="Libraries\glm\glm\ext\scalar_relational.inl">
      <Filter>Libraries\glm\glm\ext</Filter>
    </ClInclude>
    <ClInclude Include="Libraries\glm\glm\ext\scalar_uint_sized.hpp">
      <Filter>Libraries\glm\glm\ext</Filter>
    </ClInclude>
    <ClInclude Include="Libraries\glm\glm\ext\scalar_ulp.hpp">
      <Filter>Libraries\glm\glm\ext</Filter>
    </ClInclude>
    <ClInclude Include="Libraries\glm\glm\ext\scalar_ulp.inl">
      <Filter>Libraries\glm\glm\ext</Filter>
    </ClInclude>
    <ClInclude Include="Libraries\glm\glm\ext\vector_bool1.hpp">
      <Filter>Libraries\glm\glm\ext</Filter>
    </ClInclude>
    <ClInclude Include="Libraries\glm\glm\ext\vector_bool1_precision.hpp">
      <Filter>Libraries\glm\glm\ext</Filter>
    </ClInclude>
    <ClInclude Include="Libraries\glm\glm\ext\vector_bool2.hpp">
      <Filter>Libraries\glm\glm\ext</Filter>
    </ClInclude>
    <ClInclude Include="Libraries\glm\glm\ext\vector_bool2_precision.hpp">
      <Filter>Libraries\glm\glm\ext</Filter>
    </ClInclude>
    <ClInclude Include="Libraries\glm\glm\ext\vector_bool3.hpp">
      <Filter>Libraries\glm\glm\ext</Filter>
    </ClInclude>
    <ClInclude Include="Libraries\glm\glm\ext\vector_bool3_precision.hpp">
      <Filter>Libraries\glm\glm\ext</Filter>
    </ClInclude>
    <ClInclude Include="Libraries\glm\glm\ext\vector_bool4.hpp">
      <Filter>Libraries\glm\glm\ext</Filter>
    </ClInclude>
    <ClInclude Include="Libraries\glm\glm\ext\vector_bool4_precision.hpp">
      <Filter>Libraries\glm\glm\ext</Filter>
    </ClInclude>
    <ClInclude Include="Libraries\glm\glm\ext\vector_common.hpp">
      <Filter>Libraries\glm\glm\ext</Filter>
    </ClInclude>
    <ClInclude Include="Libraries\glm\glm\ext\vector_common.inl">
      <Filter>Libraries\glm\glm\ext</Filter>
    </ClInclude>
    <ClInclude Include="Libraries\glm\glm\ext\vector_double1.hpp">
      <Filter>Libraries\glm\glm\ext</Filter>
    </ClInclude>
    <ClInclude Include="Libraries\glm\glm\ext\vector_double1_precision.hpp">
      <Filter>Libraries\glm\glm\ext</Filter>
    </ClInclude>
    <ClInclude Include="Libraries\glm\glm\ext\vector_double2.hpp">
      <Filter>Libraries\glm\glm\ext</Filter>
    </ClInclude>
    <ClInclude Include="Libraries\glm\glm\ext\vector_double2_precision.hpp">
      <Filter>Libraries\glm\glm\ext</Filter>
    </ClInclude>
    <ClInclude Include="Libraries\glm\glm\ext\vector_double3.hpp">
      <Filter>Libraries\glm\glm\ext</Filter>
    </ClInclude>
    <ClInclude Include="Libraries\glm\glm\ext\vector_double3_precision.hpp">
      <Filter>Libraries\glm\glm\ext</Filter>
    </ClInclude>
    <ClInclude Include="Libraries\glm\glm\ext\vector_double4.hpp">
      <Filter>Libraries\glm\glm\ext</Filter>
    </ClInclude>
    <ClInclude Include="Libraries\glm\glm\ext\vector_double4_precision.hpp">
      <Filter>Libraries\glm\glm\ext</Filter>
    </ClInclude>
    <ClInclude Include="Libraries\glm\glm\ext\vector_float1.hpp">
      <Filter>Libraries\glm\glm\ext</Filter>
    </ClInclude>
    <ClInclude Include="Libraries\glm\glm\ext\vector_float1_precision.hpp">
      <Filter>Libraries\glm\glm\ext</Filter>
    </ClInclude>
    <ClInclude Include="Libraries\glm\glm\ext\vector_float2.hpp">
      <Filter>Libraries\glm\glm\ext</Filter>
    </ClInclude>
    <ClInclude Include="Libraries\glm\glm\ext\vector_float2_precision.hpp">
      <Filter>Libraries\glm\glm\ext</Filter>
    </ClInclude>
    <ClInclude Include="Libraries\glm\glm\ext\vector_float3.hpp">
      <Filter>Libraries\glm\glm\ext</Filter>
    </ClInclude>
    <ClInclude Include="Libraries\glm\glm\ext\vector_float3_precision.hpp">
      <Filter>Libraries\glm\glm\ext</Filter>
    </ClInclude>
    <ClInclude Include="Libraries\glm\glm\ext\vector_float4.hpp">
      <Filter>Libraries\glm\glm\ext</Filter>
    </ClInclude>
    <ClInclude Include="Libraries\glm\glm\ext\vector_float4_precision.hpp">
      <Filter>Libraries\glm\glm\ext</Filter>
    </ClInclude>
    <ClInclude Include="Libraries\glm\glm\ext\vector_int1.hpp">
      <Filter>Libraries\glm\glm\ext</Filter>
    </ClInclude>
    <ClInclude Include="Libraries\glm\glm\ext\vector_int1_precision.hpp">
      <Filter>Libraries\glm\glm\ext</Filter>
    </ClInclude>
    <ClInclude Include="Libraries\glm\glm\ext\vector_int2.hpp">
      <Filter>Libraries\glm\glm\ext</Filter>
    </ClInclude>
    <ClInclude Include="Libraries\glm\glm\ext\vector_int2_precision.hpp">
      <Filter>Libraries\glm\glm\ext</Filter>
    </ClInclude>
    <ClInclude Include="Libraries\glm\glm\ext\vector_int3.hpp">
      <Filter>Libraries\glm\glm\ext</Filter>
    </ClInclude>
    <ClInclude Include="Libraries\glm\glm\ext\vector_int3_precision.hpp">
      <Filter>Libraries\glm\glm\ext</Filter>
    </ClInclude>
    <ClInclude Include="Libraries\glm\glm\ext\vector_int4.hpp">
      <Filter>Libraries\glm\glm\ext</Filter>
    </ClInclude>
    <ClInclude Include="Libraries\glm\glm\ext\vector_int4_precision.hpp">
      <Filter>Libraries\glm\glm\ext</Filter>
    </ClInclude>
    <ClInclude Include="Libraries\glm\glm\ext\vector_relational.hpp">
      <Filter>Libraries\glm\glm\ext</Filter>
    </ClInclude>
    <ClInclude Include="Libraries\glm\glm\ext\vector_relational.inl">
      <Filter>Libraries\glm\glm\ext</Filter>
    </ClInclude>
    <ClInclude Include="Libraries\glm\glm\ext\vector_uint1.hpp">
      <Filter>Libraries\glm\glm\ext</Filter>
    </ClInclude>
    <ClInclude Include="Libraries\glm\glm\ext\vector_uint1_precision.hpp">
      <Filter>Libraries\glm\glm\ext</Filter>
    </ClInclude>
    <ClInclude Include="Libraries\glm\glm\ext\vector_uint2.hpp">
      <Filter>Libraries\glm\glm\ext</Filter>
    </ClInclude>
    <ClInclude Include="Libraries\glm\glm\ext\vector_uint2_precision.hpp">
      <Filter>Libraries\glm\glm\ext</Filter>
    </ClInclude>
    <ClInclude Include="Libraries\glm\glm\ext\vector_uint3.hpp">
      <Filter>Libraries\glm\glm\ext</Filter>
    </ClInclude>
    <ClInclude Include="Libraries\glm\glm\ext\vector_uint3_precision.hpp">
      <Filter>Libraries\glm\glm\ext</Filter>
    </ClInclude>
    <ClInclude Include="Libraries\glm\glm\ext\vector_uint4.hpp">
      <Filter>Libraries\glm\glm\ext</Filter>
    </ClInclude>
    <ClInclude Include="Libraries\glm\glm\ext\vector_uint4_precision.hpp">
      <Filter>Libraries\glm\glm\ext</Filter>
    </ClInclude>
    <ClInclude Include="Libraries\glm\glm\ext\vector_ulp.hpp">
      <Filter>Libraries\glm\glm\ext</Filter>
    </ClInclude>
    <ClInclude Include="Libraries\glm\glm\ext\vector_ulp.inl">
      <Filter>Libraries\glm\glm\ext</Filter>
    </ClInclude>
    <ClInclude Include="Libraries\glm\glm\fwd.hpp">
      <Filter>Libraries\glm\glm</Filter>
    </ClInclude>
    <ClInclude Include="Libraries\glm\glm\geometric.hpp">
      <Filter>Libraries\glm\glm</Filter>
    </ClInclude>
    <ClInclude Include="Libraries\glm\glm\glm.hpp">
      <Filter>Libraries\glm\glm</Filter>
    </ClInclude>
    <ClInclude Include="Libraries\glm\glm\gtc\bitfield.hpp">
      <Filter>Libraries\glm\glm\gtc</Filter>
    </ClInclude>
    <ClInclude Include="Libraries\glm\glm\gtc\bitfield.inl">
      <Filter>Libraries\glm\glm\gtc</Filter>
    </ClInclude>
    <ClInclude Include="Libraries\glm\glm\gtc\color_space.hpp">
      <Filter>Libraries\glm\glm\gtc</Filter>
    </ClInclude>
    <ClInclude Include="Libraries\glm\glm\gtc\color_space.inl">
      <Filter>Libraries\glm\glm\gtc</Filter>
    </ClInclude>
    <ClInclude Include="Libraries\glm\glm\gtc\constants.hpp">
      <Filter>Libraries\glm\glm\gtc</Filter>
    </ClInclude>
    <ClInclude Include="Libraries\glm\glm\gtc\constants.inl">
      <Filter>Libraries\glm\glm\gtc</Filter>
    </ClInclude>
    <ClInclude Include="Libraries\glm\glm\gtc\epsilon.hpp">
      <Filter>Libraries\glm\glm\gtc</Filter>
    </ClInclude>
    <ClInclude Include="Libraries\glm\glm\gtc\epsilon.inl">
      <Filter>Libraries\glm\glm\gtc</Filter>
    </ClInclude>
    <ClInclude Include="Libraries\glm\glm\gtc\integer.hpp">
      <Filter>Libraries\glm\glm\gtc</Filter>
    </ClInclude>
    <ClInclude Include="Libraries\glm\glm\gtc\integer.inl">
      <Filter>Libraries\glm\glm\gtc</Filter>
    </ClInclude>
    <ClInclude Include="Libraries\glm\glm\gtc\matrix_access.hpp">
      <Filter>Libraries\glm\glm\gtc</Filter>
    </ClInclude>
    <ClInclude Include="Libraries\glm\glm\gtc\matrix_access.inl">
      <Filter>Libraries\glm\glm\gtc</Filter>
    </ClInclude>
    <ClInclude Include="Libraries\glm\glm\gtc\matrix_integer.hpp">
      <Filter>Libraries\glm\glm\gtc</Filter>
    </ClInclude>
    <ClInclude Include="Libraries\glm\glm\gtc\matrix_inverse.hpp">
      <Filter>Libraries\glm\glm\gtc</Filter>
    </ClInclude>
    <ClInclude Include="Libraries\glm\glm\gtc\matrix_inverse.inl">
      <Filter>Libraries\glm\glm\gtc</Filter>
    </ClInclude>
    <ClInclude Include="Libraries\glm\glm\gtc\matrix_transform.hpp">
      <Filter>Libraries\glm\glm\gtc</Filter>
    </ClInclude>
    <ClInclude Include="Libraries\glm\glm\gtc\matrix_transform.inl">
      <Filter>Libraries\glm\glm\gtc</Filter>
    </ClInclude>
    <ClInclude Include="Libraries\glm\glm\gtc\noise.hpp">
      <Filter>Libraries\glm\glm\gtc</Filter>
    </ClInclude>
    <ClInclude Include="Libraries\glm\glm\gtc\noise.inl">
      <Filter>Libraries\glm\glm\gtc</Filter>
    </ClInclude>
    <ClInclude Include="Libraries\glm\glm\gtc\packing.hpp">
      <Filter>Libraries\glm\glm\gtc</Filter>
    </ClInclude>
    <ClInclude Include="Libraries\glm\glm\gtc\packing.inl">
      <Filter>Libraries\glm\glm\gtc</Filter>
    </ClInclude>
    <ClInclude Include="Libraries\glm\glm\gtc\quaternion.hpp">
      <Filter>Libraries\glm\glm\gtc</Filter>
    </ClInclude>
    <ClInclude Include="Libraries\glm\glm\gtc\quaternion.inl">
      <Filter>Libraries\glm\glm\gtc</Filter>
    </ClInclude>
    <ClInclude Include="Libraries\glm\glm\gtc\quaternion_simd.inl">
      <Filter>Libraries\glm\glm\gtc</Filter>
    </ClInclude>
    <ClInclude Include="Libraries\glm\glm\gtc\random.hpp">
      <Filter>Libraries\glm\glm\gtc</Filter>
    </ClInclude>
    <ClInclude Include="Libraries\glm\glm\gtc\random.inl">
      <Filter>Libraries\glm\glm\gtc</Filter>
    </ClInclude>
    <ClInclude Include="Libraries\glm\glm\gtc\reciprocal.hpp">
      <Filter>Libraries\glm\glm\gtc</Filter>
    </ClInclude>
    <ClInclude Include="Libraries\glm\glm\gtc\reciprocal.inl">
      <Filter>Libraries\glm\glm\gtc</Filter>
    </ClInclude>
    <ClInclude Include="Libraries\glm\glm\gtc\round.hpp">
      <Filter>Libraries\glm\glm\gtc</Filter>
    </ClInclude>
    <ClInclude Include="Libraries\glm\glm\gtc\round.inl">
      <Filter>Libraries\glm\glm\gtc</Filter>
    </ClInclude>
    <ClInclude Include="Libraries\glm\glm\gtc\type_aligned.hpp">
      <Filter>Libraries\glm\glm\gtc</Filter>
    </ClInclude>
    <ClInclude Include="Libraries\glm\glm\gtc\type_precision.hpp">
      <Filter>Libraries\glm\glm\gtc</Filter>
    </ClInclude>
    <ClInclude Include="Libraries\glm\glm\gtc\type_precision.inl">
      <Filter>Libraries\glm\glm\gtc</Filter>
    </ClInclude>
    <ClInclude Include="Libraries\glm\glm\gtc\type_ptr.hpp">
      <Filter>Libraries\glm\glm\gtc</Filter>
    </ClInclude>
    <ClInclude Include="Libraries\glm\glm\gtc\type_ptr.inl">
      <Filter>Libraries\glm\glm\gtc</Filter>
    </ClInclude>
    <ClInclude Include="Libraries\glm\glm\gtc\ulp.hpp">
      <Filter>Libraries\glm\glm\gtc</Filter>
    </ClInclude>
    <ClInclude Include="Libraries\glm\glm\gtc\ulp.inl">
      <Filter>Libraries\glm\glm\gtc</Filter>
    </ClInclude>
    <ClInclude Include="Libraries\glm\glm\gtc\vec1.hpp">
      <Filter>Libraries\glm\glm\gtc</Filter>
    </ClInclude>
    <ClInclude Include="Libraries\glm\glm\gtx\associated_min_max.hpp">
      <Filter>Libraries\glm\glm\gtx</Filter>
    </ClInclude>
    <ClInclude Include="Libraries\glm\glm\gtx\associated_min_max.inl">
      <Filter>Libraries\glm\glm\gtx</Filter>
    </ClInclude>
    <ClInclude Include="Libraries\glm\glm\gtx\bit.hpp">
      <Filter>Libraries\glm\glm\gtx</Filter>
    </ClInclude>
    <ClInclude Include="Libraries\glm\glm\gtx\bit.inl">
      <Filter>Libraries\glm\glm\gtx</Filter>
    </ClInclude>
    <ClInclude Include="Libraries\glm\glm\gtx\closest_point.hpp">
      <Filter>Libraries\glm\glm\gtx</Filter>
    </ClInclude>
    <ClInclude Include="Libraries\glm\glm\gtx\closest_point.inl">
      <Filter>Libraries\glm\glm\gtx</Filter>
    </ClInclude>
    <ClInclude Include="Libraries\glm\glm\gtx\color_encoding.hpp">
      <Filter>Libraries\glm\glm\gtx</Filter>
    </ClInclude>
    <ClInclude Include="Libraries\glm\glm\gtx\color_encoding.inl">
      <Filter>Libraries\glm\glm\gtx</Filter>
    </ClInclude>
    <ClInclude Include="Libraries\glm\glm\gtx\color_space.hpp">
      <Filter>Libraries\glm\glm\gtx</Filter>
    </ClInclude>
    <ClInclude Include="Libraries\glm\glm\gtx\color_space.inl">
      <Filter>Libraries\glm\glm\gtx</Filter>
    </ClInclude>
    <ClInclude Include="Libraries\glm\glm\gtx\color_space_YCoCg.hpp">
      <Filter>Libraries\glm\glm\gtx</Filter>
    </ClInclude>
    <ClInclude Include="Libraries\glm\glm\gtx\color_space_YCoCg.inl">
      <Filter>Libraries\glm\glm\gtx</Filter>
    </ClInclude>
    <ClInclude Include="Libraries\glm\glm\gtx\common.hpp">
      <Filter>Libraries\glm\glm\gtx</Filter>
    </ClInclude>
    <ClInclude Include="Libraries\glm\glm\gtx\common.inl">
      <Filter>Libraries\glm\glm\gtx</Filter>
    </ClInclude>
    <ClInclude Include="Libraries\glm\glm\gtx\compatibility.hpp">
      <Filter>Libraries\glm\glm\gtx</Filter>
    </ClInclude>
    <ClInclude Include="Libraries\glm\glm\gtx\compatibility.inl">
      <Filter>Libraries\glm\glm\gtx</Filter>
    </ClInclude>
    <ClInclude Include="Libraries\glm\glm\gtx\component_wise.hpp">
      <Filter>Libraries\glm\glm\gtx</Filter>
    </ClInclude>
    <ClInclude Include="Libraries\glm\glm\gtx\component_wise.inl">
      <Filter>Libraries\glm\glm\gtx</Filter>
    </ClInclude>
    <ClInclude Include="Libraries\glm\glm\gtx\dual_quaternion.hpp">
      <Filter>Libraries\glm\glm\gtx</Filter>
    </ClInclude>
    <ClInclude Include="Libraries\glm\glm\gtx\dual_quaternion.inl">
      <Filter>Libraries\glm\glm\gtx</Filter>
    </ClInclude>
    <ClInclude Include="Libraries\glm\glm\gtx\easing.hpp">
      <Filter>Libraries\glm\glm\gtx</Filter>
    </ClInclude>
    <ClInclude Include="Libraries\glm\glm\gtx\easing.inl">
      <Filter>Libraries\glm\glm\gtx</Filter>
    </ClInclude>
    <ClInclude Include="Libraries\glm\glm\gtx\euler_angles.hpp">
      <Filter>Libraries\glm\glm\gtx</Filter>
    </ClInclude>
    <ClInclude Include="Libraries\glm\glm\gtx\euler_angles.inl">
      <Filter>Libraries\glm\glm\gtx</Filter>
    </ClInclude>
    <ClInclude Include="Libraries\glm\glm\gtx\extend.hpp">
      <Filter>Libraries\glm\glm\gtx</Filter>
    </ClInclude>
    <ClInclude Include="Libraries\glm\glm\gtx\extend.inl">
      <Filter>Libraries\glm\glm\gtx</Filter>
    </ClInclude>
    <ClInclude Include="Libraries\glm\glm\gtx\extended_min_max.hpp">
      <Filter>Libraries\glm\glm\gtx</Filter>
    </ClInclude>
    <ClInclude Include="Libraries\glm\glm\gtx\extended_min_max.inl">
      <Filter>Libraries\glm\glm\gtx</Filter>
    </ClInclude>
    <ClInclude Include="Libraries\glm\glm\gtx\exterior_product.hpp">
      <Filter>Libraries\glm\glm\gtx</Filter>
    </ClInclude>
    <ClInclude Include="Libraries\glm\glm\gtx\exterior_product.inl">
      <Filter>Libraries\glm\glm\gtx</Filter>
    </ClInclude>
    <ClInclude Include="Libraries\glm\glm\gtx\fast_exponential.hpp">
      <Filter>Libraries\glm\glm\gtx</Filter>
    </ClInclude>
    <ClInclude Include="Libraries\glm\glm\gtx\fast_exponential.inl">
      <Filter>Libraries\glm\glm\gtx</Filter>
    </ClInclude>
    <ClInclude Include="Libraries\glm\glm\gtx\fast_square_root.hpp">
      <Filter>Libraries\glm\glm\gtx</Filter>
    </ClInclude>
    <ClInclude Include="Libraries\glm\glm\gtx\fast_square_root.inl">
      <Filter>Libraries\glm\glm\gtx</Filter>
    </ClInclude>
    <ClInclude Include="Libraries\glm\glm\gtx\fast_trigonometry.hpp">
      <Filter>Libraries\glm\glm\gtx</Filter>
    </ClInclude>
    <ClInclude Include="Libraries\glm\glm\gtx\fast_trigonometry.inl">
      <Filter>Libraries\glm\glm\gtx</Filter>
    </ClInclude>
    <ClInclude Include="Libraries\glm\glm\gtx\float_notmalize.inl">
      <Filter>Libraries\glm\glm\gtx</Filter>
    </ClInclude>
    <ClInclude Include="Libraries\glm\glm\gtx\functions.hpp">
      <Filter>Libraries\glm\glm\gtx</Filter>
    </ClInclude>
    <ClInclude Include="Libraries\glm\glm\gtx\functions.inl">
      <Filter>Libraries\glm\glm\gtx</Filter>
    </ClInclude>
    <ClInclude Include="Libraries\glm\glm\gtx\gradient_paint.hpp">
      <Filter>Libraries\glm\glm\gtx</Filter>
    </ClInclude>
    <ClInclude Include="Libraries\glm\glm\gtx\gradient_paint.inl">
      <Filter>Libraries\glm\glm\gtx</Filter>
    </ClInclude>
    <ClInclude Include="Libraries\glm\glm\gtx\handed_coordinate_space.hpp">
      <Filter>Libraries\glm\glm\gtx</Filter>
    </ClInclude>
    <ClInclude Include="Libraries\glm\glm\gtx\handed_coordinate_space.inl">
      <Filter>Libraries\glm\glm\gtx</Filter>
    </ClInclude>
    <ClInclude Include="Libraries\glm\glm\gtx\hash.hpp">
      <Filter>Libraries\glm\glm\gtx</Filter>
    </ClInclude>
    <ClInclude Include="Libraries\glm\glm\gtx\hash.inl">
      <Filter>Libraries\glm\glm\gtx</Filter>
    </ClInclude>
    <ClInclude Include="Libraries\glm\glm\gtx\integer.hpp">
      <Filter>Libraries\glm\glm\gtx</Filter>
    </ClInclude>
    <ClInclude Include="Libraries\glm\glm\gtx\integer.inl">
      <Filter>Libraries\glm\glm\gtx</Filter>
    </ClInclude>
    <ClInclude Include="Libraries\glm\glm\gtx\intersect.hpp">
      <Filter>Libraries\glm\glm\gtx</Filter>
    </ClInclude>
    <ClInclude Include="Libraries\glm\glm\gtx\intersect.inl">
      <Filter>Libraries\glm\glm\gtx</Filter>
    </ClInclude>
    <ClInclude Include="Libraries\glm\glm\gtx\io.hpp">
      <Filter>Libraries\glm\glm\gtx</Filter>
    </ClInclude>
    <ClInclude Include="Libraries\glm\glm\gtx\io.inl">
      <Filter>Libraries\glm\glm\gtx</Filter>
    </ClInclude>
    <ClInclude Include="Libraries\glm\glm\gtx\log_base.hpp">
      <Filter>Libraries\glm\glm\gtx</Filter>
    </ClInclude>
    <ClInclude Include="Libraries\glm\glm\gtx\log_base.inl">
      <Filter>Libraries\glm\glm\gtx</Filter>
    </ClInclude>
    <ClInclude Include="Libraries\glm\glm\gtx\matrix_cross_product.hpp">
      <Filter>Libraries\glm\glm\gtx</Filter>
    </ClInclude>
    <ClInclude Include="Libraries\glm\glm\gtx\matrix_cross_product.inl">
      <Filter>Libraries\glm\glm\gtx</Filter>
    </ClInclude>
    <ClInclude Include="Libraries\glm\glm\gtx\matrix_decompose.hpp">
      <Filter>Libraries\glm\glm\gtx</Filter>
    </ClInclude>
    <ClInclude Include="Libraries\glm\glm\gtx\matrix_decompose.inl">
      <Filter>Libraries\glm\glm\gtx</Filter>
    </ClInclude>
    <ClInclude Include="Libraries\glm\glm\gtx\matrix_factorisation.hpp">
      <Filter>Libraries\glm\glm\gtx</Filter>
    </ClInclude>
    <ClInclude Include="Libraries\glm\glm\gtx\matrix_factorisation.inl">
      <Filter>Libraries\glm\glm\gtx</Filter>
    </ClInclude>
    <ClInclude Include="Libraries\glm\glm\gtx\matrix_interpolation.hpp">
      <Filter>Libraries\glm\glm\gtx</Filter>
    </ClInclude>
    <ClInclude Include="Libraries\glm\glm\gtx\matrix_interpolation.inl">
      <Filter>Libraries\glm\glm\gtx</Filter>
    </ClInclude>
    <ClInclude Include="Libraries\glm\glm\gtx\matrix_major_storage.hpp">
      <Filter>Libraries\glm\glm\gtx</Filter>
    </ClInclude>
    <ClInclude Include="Libraries\glm\glm\gtx\matrix_major_storage.inl">
      <Filter>Libraries\glm\glm\gtx</Filter>
    </ClInclude>
    <ClInclude Include="Libraries\glm\glm\gtx\matrix_operation.hpp">
      <Filter>Libraries\glm\glm\gtx</Filter>
    </ClInclude>
    <ClInclude Include="Libraries\glm\glm\gtx\matrix_operation.inl">
      <Filter>Libraries\glm\glm\gtx</Filter>
    </ClInclude>
    <ClInclude Include="Libraries\glm\glm\gtx\matrix_query.hpp">
      <Filter>Libraries\glm\glm\gtx</Filter>
    </ClInclude>
    <ClInclude Include="Libraries\glm\glm\gtx\matrix_query.inl">
      <Filter>Libraries\glm\glm\gtx</Filter>
    </ClInclude>
    <ClInclude Include="Libraries\glm\glm\gtx\matrix_transform_2d.hpp">
      <Filter>Libraries\glm\glm\gtx</Filter>
    </ClInclude>
    <ClInclude Include="Libraries\glm\glm\gtx\matrix_transform_2d.inl">
      <Filter>Libraries\glm\glm\gtx</Filter>
    </ClInclude>
    <ClInclude Include="Libraries\glm\glm\gtx\mixed_product.hpp">
      <Filter>Libraries\glm\glm\gtx</Filter>
    </ClInclude>
    <ClInclude Include="Libraries\glm\glm\gtx\mixed_product.inl">
      <Filter>Libraries\glm\glm\gtx</Filter>
    </ClInclude>
    <ClInclude Include="Libraries\glm\glm\gtx\norm.hpp">
      <Filter>Libraries\glm\glm\gtx</Filter>
    </ClInclude>
    <ClInclude Include="Libraries\glm\glm\gtx\norm.inl">
      <Filter>Libraries\glm\glm\gtx</Filter>
    </ClInclude>
    <ClInclude Include="Libraries\glm\glm\gtx\normal.hpp">
      <Filter>Libraries\glm\glm\gtx</Filter>
    </ClInclude>
    <ClInclude Include="Libraries\glm\glm\gtx\normal.inl">
      <Filter>Libraries\glm\glm\gtx</Filter>
    </ClInclude>
    <ClInclude Include="Libraries\glm\glm\gtx\normalize_dot.hpp">
      <Filter>Libraries\glm\glm\gtx</Filter>
    </ClInclude>
    <ClInclude Include="Libraries\glm\glm\gtx\normalize_dot.inl">
      <Filter>Libraries\glm\glm\gtx</Filter>
    </ClInclude>
    <ClInclude Include="Libraries\glm\glm\gtx\number_precision.hpp">
      <Filter>Libraries\glm\glm\gtx</Filter>
    </ClInclude>
    <ClInclude Include="Libraries\glm\glm\gtx\number_precision.inl">
      <Filter>Libraries\glm\glm\gtx</Filter>
    </ClInclude>
    <ClInclude Include="Libraries\glm\glm\gtx\optimum_pow.hpp">
      <Filter>Libraries\glm\glm\gtx</Filter>
    </ClInclude>
    <ClInclude Include="Libraries\glm\glm\gtx\optimum_pow.inl">
      <Filter>Libraries\glm\glm\gtx</Filter>
    </ClInclude>
    <ClInclude Include="Libraries\glm\glm\gtx\orthonormalize.hpp">
      <Filter>Libraries\glm\glm\gtx</Filter>
    </ClInclude>
    <ClInclude Include="Libraries\glm\glm\gtx\orthonormalize.inl">
      <Filter>Libraries\glm\glm\gtx</Filter>
    </ClInclude>
    <ClInclude Include="Libraries\glm\glm\gtx\perpendicular.hpp">
      <Filter>Libraries\glm\glm\gtx</Filter>
    </ClInclude>
    <ClInclude Include="Libraries\glm\glm\gtx\perpendicular.inl">
      <Filter>Libraries\glm\glm\gtx</Filter>
    </ClInclude>
    <ClInclude Include="Libraries\glm\glm\gtx\polar_coordinates.hpp">
      <Filter>Libraries\glm\glm\gtx</Filter>
    </ClInclude>
    <ClInclude Include="Libraries\glm\glm\gtx\polar_coordinates.inl">
      <Filter>Libraries\glm\glm\gtx</Filter>
    </ClInclude>
    <ClInclude Include="Libraries\glm\glm\gtx\projection.hpp">
      <Filter>Libraries\glm\glm\gtx</Filter>
    </ClInclude>
    <ClInclude Include="Libraries\glm\glm\gtx\projection.inl">
      <Filter>Libraries\glm\glm\gtx</Filter>
    </ClInclude>
    <ClInclude Include="Libraries\glm\glm\gtx\quaternion.hpp">
      <Filter>Libraries\glm\glm\gtx</Filter>
    </ClInclude>
    <ClInclude Include="Libraries\glm\glm\gtx\quaternion.inl">
      <Filter>Libraries\glm\glm\gtx</Filter>
    </ClInclude>
    <ClInclude Include="Libraries\glm\glm\gtx\range.hpp">
      <Filter>Libraries\glm\glm\gtx</Filter>
    </ClInclude>
    <ClInclude Include="Libraries\glm\glm\gtx\raw_data.hpp">
      <Filter>Libraries\glm\glm\gtx</Filter>
    </ClInclude>
    <ClInclude Include="Libraries\glm\glm\gtx\raw_data.inl">
      <Filter>Libraries\glm\glm\gtx</Filter>
    </ClInclude>
    <ClInclude Include="Libraries\glm\glm\gtx\rotate_normalized_axis.hpp">
      <Filter>Libraries\glm\glm\gtx</Filter>
    </ClInclude>
    <ClInclude Include="Libraries\glm\glm\gtx\rotate_normalized_axis.inl">
      <Filter>Libraries\glm\glm\gtx</Filter>
    </ClInclude>
    <ClInclude Include="Libraries\glm\glm\gtx\rotate_vector.hpp">
      <Filter>Libraries\glm\glm\gtx</Filter>
    </ClInclude>
    <ClInclude Include="Libraries\glm\glm\gtx\rotate_vector.inl">
      <Filter>Libraries\glm\glm\gtx</Filter>
    </ClInclude>
    <ClInclude Include="Libraries\glm\glm\gtx\scalar_multiplication.hpp">
      <Filter>Libraries\glm\glm\gtx</Filter>
    </ClInclude>
    <ClInclude Include="Libraries\glm\glm\gtx\scalar_relational.hpp">
      <Filter>Libraries\glm\glm\gtx</Filter>
    </ClInclude>
    <ClInclude Include="Libraries\glm\glm\gtx\scalar_relational.inl">
      <Filter>Libraries\glm\glm\gtx</Filter>
    </ClInclude>
    <ClInclude Include="Libraries\glm\glm\gtx\spline.hpp">
      <Filter>Libraries\glm\glm\gtx</Filter>
    </ClInclude>
    <ClInclude Include="Libraries\glm\glm\gtx\spline.inl">
      <Filter>Libraries\glm\glm\gtx</Filter>
    </ClInclude>
    <ClInclude Include="Libraries\glm\glm\gtx\std_based_type.hpp">
      <Filter>Libraries\glm\glm\gtx</Filter>
    </ClInclude>
    <ClInclude Include="Libraries\glm\glm\gtx\std_based_type.inl">
      <Filter>Libraries\glm\glm\gtx</Filter>
    </ClInclude>
    <ClInclude Include="Libraries\glm\glm\gtx\string_cast.hpp">
      <Filter>Libraries\glm\glm\gtx</Filter>
    </ClInclude>
    <ClInclude Include="Libraries\glm\glm\gtx\string_cast.inl">
      <Filter>Libraries\glm\glm\gtx</Filter>
    </ClInclude>
    <ClInclude Include="Libraries\glm\glm\gtx\texture.hpp">
      <Filter>Libraries\glm\glm\gtx</Filter>
    </ClInclude>
    <ClInclude Include="Libraries\glm\glm\gtx\texture.inl">
      <Filter>Libraries\glm\glm\gtx</Filter>
    </ClInclude>
    <ClInclude Include="Libraries\glm\glm\gtx\transform.hpp">
      <Filter>Libraries\glm\glm\gtx</Filter>
    </ClInclude>
    <ClInclude Include="Libraries\glm\glm\gtx\transform.inl">
      <Filter>Libraries\glm\glm\gtx</Filter>
    </ClInclude>
    <ClInclude Include="Libraries\glm\glm\gtx\transform2.hpp">
      <Filter>Libraries\glm\glm\gtx</Filter>
    </ClInclude>
    <ClInclude Include="Libraries\glm\glm\gtx\transform2.inl">
      <Filter>Libraries\glm\glm\gtx</Filter>
    </ClInclude>
    <ClInclude Include="Libraries\glm\glm\gtx\type_aligned.hpp">
      <Filter>Libraries\glm\glm\gtx</Filter>
    </ClInclude>
    <ClInclude Include="Libraries\glm\glm\gtx\type_aligned.inl">
      <Filter>Libraries\glm\glm\gtx</Filter>
    </ClInclude>
    <ClInclude Include="Libraries\glm\glm\gtx\type_trait.hpp">
      <Filter>Libraries\glm\glm\gtx</Filter>
    </ClInclude>
    <ClInclude Include="Libraries\glm\glm\gtx\type_trait.inl">
      <Filter>Libraries\glm\glm\gtx</Filter>
    </ClInclude>
    <ClInclude Include="Libraries\glm\glm\gtx\vec_swizzle.hpp">
      <Filter>Libraries\glm\glm\gtx</Filter>
    </ClInclude>
    <ClInclude Include="Libraries\glm\glm\gtx\vector_angle.hpp">
      <Filter>Libraries\glm\glm\gtx</Filter>
    </ClInclude>
    <ClInclude Include="Libraries\glm\glm\gtx\vector_angle.inl">
      <Filter>Libraries\glm\glm\gtx</Filter>
    </ClInclude>
    <ClInclude Include="Libraries\glm\glm\gtx\vector_query.hpp">
      <Filter>Libraries\glm\glm\gtx</Filter>
    </ClInclude>
    <ClInclude Include="Libraries\glm\glm\gtx\vector_query.inl">
      <Filter>Libraries\glm\glm\gtx</Filter>
    </ClInclude>
    <ClInclude Include="Libraries\glm\glm\gtx\wrap.hpp">
      <Filter>Libraries\glm\glm\gtx</Filter>
    </ClInclude>
    <ClInclude Include="Libraries\glm\glm\gtx\wrap.inl">
      <Filter>Libraries\glm\glm\gtx</Filter>
    </ClInclude>
    <ClInclude Include="Libraries\glm\glm\integer.hpp">
      <Filter>Libraries\glm\glm</Filter>
    </ClInclude>
    <ClInclude Include="Libraries\glm\glm\mat2x2.hpp">
      <Filter>Libraries\glm\glm</Filter>
    </ClInclude>
    <ClInclude Include="Libraries\glm\glm\mat2x3.hpp">
      <Filter>Libraries\glm\glm</Filter>
    </ClInclude>
    <ClInclude Include="Libraries\glm\glm\mat2x4.hpp">
      <Filter>Libraries\glm\glm</Filter>
    </ClInclude>
    <ClInclude Include="Libraries\glm\glm\mat3x2.hpp">
      <Filter>Libraries\glm\glm</Filter>
    </ClInclude>
    <ClInclude Include="Libraries\glm\glm\mat3x3.hpp">
      <Filter>Libraries\glm\glm</Filter>
    </ClInclude>
    <ClInclude Include="Libraries\glm\glm\mat3x4.hpp">
      <Filter>Libraries\glm\glm</Filter>
    </ClInclude>
    <ClInclude Include="Libraries\glm\glm\mat4x2.hpp">
      <Filter>Libraries\glm\glm</Filter>
    </ClInclude>
    <ClInclude Include="Libraries\glm\glm\mat4x3.hpp">
      <Filter>Libraries\glm\glm</Filter>
    </ClInclude>
    <ClInclude Include="Libraries\glm\glm\mat4x4.hpp">
      <Filter>Libraries\glm\glm</Filter>
    </ClInclude>
    <ClInclude Include="Libraries\glm\glm\matrix.hpp">
      <Filter>Libraries\glm\glm</Filter>
    </ClInclude>
    <ClInclude Include="Libraries\glm\glm\packing.hpp">
      <Filter>Libraries\glm\glm</Filter>
    </ClInclude>
    <ClInclude Include="Libraries\glm\glm\trigonometric.hpp">
      <Filter>Libraries\glm\glm</Filter>
    </ClInclude>
    <ClInclude Include="Libraries\glm\glm\vec2.hpp">
      <Filter>Libraries\glm\glm</Filter>
    </ClInclude>
    <ClInclude Include="Libraries\glm\glm\vec3.hpp">
      <Filter>Libraries\glm\glm</Filter>
    </ClInclude>
    <ClInclude Include="Libraries\glm\glm\vec4.hpp">
      <Filter>Libraries\glm\glm</Filter>
    </ClInclude>
    <ClInclude Include="Libraries\glm\glm\vector_relational.hpp">
      <Filter>Libraries\glm\glm</Filter>
    </ClInclude>
    <ClInclude Include="Libraries\stb_image\stb_image.h">
      <Filter>Libraries\stb_image</Filter>
    </ClInclude>
    <ClInclude Include="Lua\LuaBridge\List.h">
      <Filter>Lua\LuaBridge</Filter>
    </ClInclude>
    <ClInclude Include="Lua\LuaBridge\LuaBridge.h">
      <Filter>Lua\LuaBridge</Filter>
    </ClInclude>
    <ClInclude Include="Lua\LuaBridge\Map.h">
      <Filter>Lua\LuaBridge</Filter>
    </ClInclude>
    <ClInclude Include="Lua\LuaBridge\RefCountedObject.h">
      <Filter>Lua\LuaBridge</Filter>
    </ClInclude>
    <ClInclude Include="Lua\LuaBridge\RefCountedPtr.h">
      <Filter>Lua\LuaBridge</Filter>
    </ClInclude>
    <ClInclude Include="Lua\LuaBridge\UnorderedMap.h">
      <Filter>Lua\LuaBridge</Filter>
    </ClInclude>
    <ClInclude Include="Lua\LuaBridge\Vector.h">
      <Filter>Lua\LuaBridge</Filter>
    </ClInclude>
    <ClInclude Include="Lua\LuaBridge\detail\CFunctions.h">
      <Filter>Lua\LuaBridge\detail</Filter>
    </ClInclude>
    <ClInclude Include="Lua\LuaBridge\detail\ClassInfo.h">
      <Filter>Lua\LuaBridge\detail</Filter>
    </ClInclude>
    <ClInclude Include="Lua\LuaBridge\detail\Config.h">
      <Filter>Lua\LuaBridge\detail</Filter>
    </ClInclude>
    <ClInclude Include="Lua\LuaBridge\detail\Constructor.h">
      <Filter>Lua\LuaBridge\detail</Filter>
    </ClInclude>
    <ClInclude Include="Lua\LuaBridge\detail\FuncTraits.h">
      <Filter>Lua\LuaBridge\detail</Filter>
    </ClInclude>
    <ClInclude Include="Lua\LuaBridge\detail\Iterator.h">
      <Filter>Lua\LuaBridge\detail</Filter>
    </ClInclude>
    <ClInclude Include="Lua\LuaBridge\detail\LuaException.h">
      <Filter>Lua\LuaBridge\detail</Filter>
    </ClInclude>
    <ClInclude Include="Lua\LuaBridge\detail\LuaHelpers.h">
      <Filter>Lua\LuaBridge\detail</Filter>
    </ClInclude>
    <ClInclude Include="Lua\LuaBridge\detail\LuaRef.h">
      <Filter>Lua\LuaBridge\detail</Filter>
    </ClInclude>
    <ClInclude Include="Lua\LuaBridge\detail\Namespace.h">
      <Filter>Lua\LuaBridge\detail</Filter>
    </ClInclude>
    <ClInclude Include="Lua\LuaBridge\detail\Security.h">
      <Filter>Lua\LuaBridge\detail</Filter>
    </ClInclude>
    <ClInclude Include="Lua\LuaBridge\detail\Stack.h">
      <Filter>Lua\LuaBridge\detail</Filter>
    </ClInclude>
    <ClInclude Include="Lua\LuaBridge\detail\TypeList.h">
      <Filter>Lua\LuaBridge\detail</Filter>
    </ClInclude>
    <ClInclude Include="Lua\LuaBridge\detail\TypeTraits.h">
      <Filter>Lua\LuaBridge\detail</Filter>
    </ClInclude>
    <ClInclude Include="Lua\LuaBridge\detail\Userdata.h">
      <Filter>Lua\LuaBridge\detail</Filter>
    </ClInclude>
    <ClInclude Include="Lua\LuaBridge\detail\dump.h">
      <Filter>Lua\LuaBridge\detail</Filter>
    </ClInclude>
    <ClInclude Include="Lua\include\lauxlib.h">
      <Filter>Lua\include</Filter>
    </ClInclude>
    <ClInclude Include="Lua\include\lua.h">
      <Filter>Lua\include</Filter>
    </ClInclude>
    <ClInclude Include="Lua\include\lua.hpp">
      <Filter>Lua\include</Filter>
    </ClInclude>
    <ClInclude Include="Lua\include\luaconf.h">
      <Filter>Lua\include</Filter>
    </ClInclude>
    <ClInclude Include="Lua\include\lualib.h">
      <Filter>Lua\include</Filter>
    </ClInclude>
    <ClInclude Include="Source\Core\Animation\Animation2DFrameKey.h">
      <Filter>Source\Core\Animation</Filter>
    </ClInclude>
    <ClInclude Include="Source\Core\Animation\AnimationClip.h">
      <Filter>Source\Core\Animation</Filter>
    </ClInclude>
    <ClInclude Include="Source\Core\Application.h">
      <Filter>Source\Core</Filter>
    </ClInclude>
    <ClInclude Include="Source\Core\AssetManager.h">
      <Filter>Source\Core</Filter>
    </ClInclude>
    <ClInclude Include="Source\Core\Audio\AudioClip.h">
      <Filter>Source\Core\Audio</Filter>
    </ClInclude>
    <ClInclude Include="Source\Core\Audio\AudioEngine.h">
      <Filter>Source\Core\Audio</Filter>
    </ClInclude>
    <ClInclude Include="Source\Core\Audio\AudioSource.h">
      <Filter>Source\Core\Audio</Filter>
    </ClInclude>
    <ClInclude Include="Source\Core\Core.h">
      <Filter>Source\Core</Filter>
    </ClInclude>
    <ClInclude Include="Source\Core\ECS\Actor.h">
      <Filter>Source\Core\ECS</Filter>
    </ClInclude>
    <ClInclude Include="Source\Core\ECS\ComponentTuples\BaseTuple.h">
      <Filter>Source\Core\ECS\ComponentTuples</Filter>
    </ClInclude>
    <ClInclude Include="Source\Core\ECS\ComponentTuples\CameraBaseTuple.h">
      <Filter>Source\Core\ECS\ComponentTuples</Filter>
    </ClInclude>
    <ClInclude Include="Source\Core\ECS\ComponentTuples\DefaultBaseTuple.h">
      <Filter>Source\Core\ECS\ComponentTuples</Filter>
    </ClInclude>
    <ClInclude Include="Source\Core\ECS\ComponentTuples\PhysicsBaseTuple.h">
      <Filter>Source\Core\ECS\ComponentTuples</Filter>
    </ClInclude>
    <ClInclude Include="Source\Core\ECS\ComponentTuples\ResourceTuple.h">
      <Filter>Source\Core\ECS\ComponentTuples</Filter>
    </ClInclude>
    <ClInclude Include="Source\Core\ECS\ComponentTuples\SingletonTuple.h">
      <Filter>Source\Core\ECS\ComponentTuples</Filter>
    </ClInclude>
    <ClInclude Include="Source\Core\ECS\Components\Animation2DComponent.h">
      <Filter>Source\Core\ECS\Components</Filter>
    </ClInclude>
    <ClInclude Include="Source\Core\ECS\Components\AudioSourceComponent.h">
      <Filter>Source\Core\ECS\Components</Filter>
    </ClInclude>
    <ClInclude Include="Source\Core\ECS\Components\BehaviourComponent.h">
      <Filter>Source\Core\ECS\Components</Filter>
    </ClInclude>
    <ClInclude Include="Source\Core\ECS\Components\Body2DComponent.h">
      <Filter>Source\Core\ECS\Components</Filter>
    </ClInclude>
    <ClInclude Include="Source\Core\ECS\Components\CameraComponent.h">
      <Filter>Source\Core\ECS\Components</Filter>
    </ClInclude>
    <ClInclude Include="Source\Core\ECS\Components\CanvasComponent.h">
      <Filter>Source\Core\ECS\Components</Filter>
    </ClInclude>
    <ClInclude Include="Source\Core\ECS\Components\HeadComponent.h">
      <Filter>Source\Core\ECS\Components</Filter>
    </ClInclude>
    <ClInclude Include="Source\Core\ECS\Components\Light2DSourceComponent.h">
      <Filter>Source\Core\ECS\Components</Filter>
    </ClInclude>
    <ClInclude Include="Source\Core\ECS\Components\Singletons\AudioEngineSComponent.h">
      <Filter>Source\Core\ECS\Components\Singletons</Filter>
    </ClInclude>
    <ClInclude Include="Source\Core\ECS\Components\Singletons\Box2DWorldSComponent.h">
      <Filter>Source\Core\ECS\Components\Singletons</Filter>
    </ClInclude>
    <ClInclude Include="Source\Core\ECS\Components\Singletons\FramebufferSComponent.h">
      <Filter>Source\Core\ECS\Components\Singletons</Filter>
    </ClInclude>
    <ClInclude Include="Source\Core\ECS\Components\Singletons\ProjectConfigSComponent.h">
      <Filter>Source\Core\ECS\Components\Singletons</Filter>
    </ClInclude>
    <ClInclude Include="Source\Core\ECS\Components\Texture2DComponent.h">
      <Filter>Source\Core\ECS\Components</Filter>
    </ClInclude>
    <ClInclude Include="Source\Core\ECS\Components\TransformComponent.h">
      <Filter>Source\Core\ECS\Components</Filter>
    </ClInclude>
    <ClInclude Include="Source\Core\ECS\SceneData.h">
      <Filter>Source\Core\ECS</Filter>
    </ClInclude>
    <ClInclude Include="Source\Core\ECS\Systems\Animation2DSystem.h">
      <Filter>Source\Core\ECS\Systems</Filter>
    </ClInclude>
    <ClInclude Include="Source\Core\ECS\Systems\AudioSystem.h">
      <Filter>Source\Core\ECS\Systems</Filter>
    </ClInclude>
    <ClInclude Include="Source\Core\ECS\Systems\Box2DPhysicsSystem.h">
      <Filter>Source\Core\ECS\Systems</Filter>
    </ClInclude>
    <ClInclude Include="Source\Core\ECS\Systems\CameraSystem.h">
      <Filter>Source\Core\ECS\Systems</Filter>
    </ClInclude>
    <ClInclude Include="Source\Core\ECS\Systems\CommandSystem.h">
      <Filter>Source\Core\ECS\Systems</Filter>
    </ClInclude>
    <ClInclude Include="Source\Core\ECS\Systems\RendererSystem.h">
      <Filter>Source\Core\ECS\Systems</Filter>
    </ClInclude>
    <ClInclude Include="Source\Core\ECS\Systems\UISystem.h">
      <Filter>Source\Core\ECS\Systems</Filter>
    </ClInclude>
    <ClInclude Include="Source\Core\ECS\WorldAdmin.h">
      <Filter>Source\Core\ECS</Filter>
    </ClInclude>
    <ClInclude Include="Source\Core\EngineCommand.h">
      <Filter>Source\Core</Filter>
    </ClInclude>
    <ClInclude Include="Source\Core\EntryPoint.h">
      <Filter>Source\Core</Filter>
    </ClInclude>
    <ClInclude Include="Source\Core\EventHandler.h">
      <Filter>Source\Core</Filter>
    </ClInclude>
    <ClInclude Include="Source\Core\Events\ApplicationEvent.h">
      <Filter>Source\Core\Events</Filter>
    </ClInclude>
    <ClInclude Include="Source\Core\Events\InputEvent.h">
      <Filter>Source\Core\Events</Filter>
    </ClInclude>
    <ClInclude Include="Source\Core\Events\MouseEvent.h">
      <Filter>Source\Core\Events</Filter>
    </ClInclude>
    <ClInclude Include="Source\Core\ImGui\AnimationPanel.h">
      <Filter>Source\Core\ImGui</Filter>
    </ClInclude>
    <ClInclude Include="Source\Core\ImGui\BuildPanel.h">
      <Filter>Source\Core\ImGui</Filter>
    </ClInclude>
    <ClInclude Include="Source\Core\ImGui\EditorConsole.h">
      <Filter>Source\Core\ImGui</Filter>
    </ClInclude>
    <ClInclude Include="Source\Core\ImGui\EditorPanels.h">
      <Filter>Source\Core\ImGui</Filter>
    </ClInclude>
    <ClInclude Include="Source\Core\ImGui\FileBrowser\imfilebrowser.h">
      <Filter>Source\Core\ImGui\FileBrowser</Filter>
    </ClInclude>
    <ClInclude Include="Source\Core\ImGui\ImGuiExtension.h">
      <Filter>Source\Core\ImGui</Filter>
    </ClInclude>
    <ClInclude Include="Source\Core\ImGui\ImGuiLayer.h">
      <Filter>Source\Core\ImGui</Filter>
    </ClInclude>
    <ClInclude Include="Source\Core\ImGui\ImGuiVulkanImpl.h">
      <Filter>Source\Core\ImGui</Filter>
    </ClInclude>
    <ClInclude Include="Source\Core\ImGui\NodeEditor\imnodes.h">
      <Filter>Source\Core\ImGui\NodeEditor</Filter>
    </ClInclude>
    <ClInclude Include="Source\Core\Input.h">
      <Filter>Source\Core</Filter>
    </ClInclude>
    <ClInclude Include="Source\Core\InputCodes.h">
      <Filter>Source\Core</Filter>
    </ClInclude>
    <ClInclude Include="Source\Core\Layer.h">
      <Filter>Source\Core</Filter>
    </ClInclude>
    <ClInclude Include="Source\Core\LayerManager.h">
      <Filter>Source\Core</Filter>
    </ClInclude>
    <ClInclude Include="Source\Core\Networking\NetworkManager.h">
      <Filter>Source\Core\Networking</Filter>
    </ClInclude>
    <ClInclude Include="Source\Core\Physics2D\Box2D\Body2D.h">
      <Filter>Source\Core\Physics2D\Box2D</Filter>
    </ClInclude>
    <ClInclude Include="Source\Core\Physics2D\Box2D\Body2DDefs.h">
      <Filter>Source\Core\Physics2D\Box2D</Filter>
    </ClInclude>
    <ClInclude Include="Source\Core\Physics2D\Box2D\CollisionFilter2D.h">
      <Filter>Source\Core\Physics2D\Box2D</Filter>
    </ClInclude>
    <ClInclude Include="Source\Core\Physics2D\Box2D\CollisionListener2D.h">
      <Filter>Source\Core\Physics2D\Box2D</Filter>
    </ClInclude>
    <ClInclude Include="Source\Core\Physics2D\Box2D\RayCast2D.h">
      <Filter>Source\Core\Physics2D\Box2D</Filter>
    </ClInclude>
    <ClInclude Include="Source\Core\Renderer\Buffer.h">
      <Filter>Source\Core\Renderer</Filter>
    </ClInclude>
    <ClInclude Include="Source\Core\Renderer\BufferElement.h">
      <Filter>Source\Core\Renderer</Filter>
    </ClInclude>
    <ClInclude Include="Source\Core\Renderer\BufferLayout.h">
      <Filter>Source\Core\Renderer</Filter>
    </ClInclude>
    <ClInclude Include="Source\Core\Renderer\Camera.h">
      <Filter>Source\Core\Renderer</Filter>
    </ClInclude>
    <ClInclude Include="Source\Core\Renderer\Framebuffer.h">
      <Filter>Source\Core\Renderer</Filter>
    </ClInclude>
    <ClInclude Include="Source\Core\Renderer\GraphicsContext.h">
      <Filter>Source\Core\Renderer</Filter>
    </ClInclude>
    <ClInclude Include="Source\Core\Renderer\Mesh.h">
      <Filter>Source\Core\Renderer</Filter>
    </ClInclude>
    <ClInclude Include="Source\Core\Renderer\OpenGL\OpenglBuffer.h">
      <Filter>Source\Core\Renderer\OpenGL</Filter>
    </ClInclude>
    <ClInclude Include="Source\Core\Renderer\OpenGL\OpenglContext.h">
      <Filter>Source\Core\Renderer\OpenGL</Filter>
    </ClInclude>
    <ClInclude Include="Source\Core\Renderer\OpenGL\OpenglFramebuffer.h">
      <Filter>Source\Core\Renderer\OpenGL</Filter>
    </ClInclude>
    <ClInclude Include="Source\Core\Renderer\OpenGL\OpenglRendererAPI.h">
      <Filter>Source\Core\Renderer\OpenGL</Filter>
    </ClInclude>
    <ClInclude Include="Source\Core\Renderer\OpenGL\OpenglShader.h">
      <Filter>Source\Core\Renderer\OpenGL</Filter>
    </ClInclude>
    <ClInclude Include="Source\Core\Renderer\OpenGL\OpenglTexture.h">
      <Filter>Source\Core\Renderer\OpenGL</Filter>
    </ClInclude>
    <ClInclude Include="Source\Core\Renderer\OpenGL\OpenglVertexArray.h">
      <Filter>Source\Core\Renderer\OpenGL</Filter>
    </ClInclude>
    <ClInclude Include="Source\Core\Renderer\Renderer.h">
      <Filter>Source\Core\Renderer</Filter>
    </ClInclude>
    <ClInclude Include="Source\Core\Renderer\Renderer2D.h">
      <Filter>Source\Core\Renderer</Filter>
    </ClInclude>
    <ClInclude Include="Source\Core\Renderer\Renderer2DData.h">
      <Filter>Source\Core\Renderer</Filter>
    </ClInclude>
    <ClInclude Include="Source\Core\Renderer\RendererAPI.h">
      <Filter>Source\Core\Renderer</Filter>
    </ClInclude>
    <ClInclude Include="Source\Core\Renderer\Shader.h">
      <Filter>Source\Core\Renderer</Filter>
    </ClInclude>
    <ClInclude Include="Source\Core\Renderer\ShaderTypes.h">
      <Filter>Source\Core\Renderer</Filter>
    </ClInclude>
    <ClInclude Include="Source\Core\Renderer\SubTexture.h">
      <Filter>Source\Core\Renderer</Filter>
    </ClInclude>
    <ClInclude Include="Source\Core\Renderer\Text.h">
      <Filter>Source\Core\Renderer</Filter>
    </ClInclude>
    <ClInclude Include="Source\Core\Renderer\Texture.h">
      <Filter>Source\Core\Renderer</Filter>
    </ClInclude>
    <ClInclude Include="Source\Core\Renderer\Vulkan\Vulkan.h">
      <Filter>Source\Core\Renderer\Vulkan</Filter>
    </ClInclude>
    <ClInclude Include="Source\Core\Renderer\Vulkan\VulkanBuffer.h">
      <Filter>Source\Core\Renderer\Vulkan</Filter>
    </ClInclude>
    <ClInclude Include="Source\Core\Renderer\Vulkan\VulkanCommandBuffer.h">
      <Filter>Source\Core\Renderer\Vulkan</Filter>
    </ClInclude>
    <ClInclude Include="Source\Core\Renderer\Vulkan\VulkanCommandPool.h">
      <Filter>Source\Core\Renderer\Vulkan</Filter>
    </ClInclude>
    <ClInclude Include="Source\Core\Renderer\Vulkan\VulkanContext.h">
      <Filter>Source\Core\Renderer\Vulkan</Filter>
    </ClInclude>
    <ClInclude Include="Source\Core\Renderer\Vulkan\VulkanDescriptor.h">
      <Filter>Source\Core\Renderer\Vulkan</Filter>
    </ClInclude>
    <ClInclude Include="Source\Core\Renderer\Vulkan\VulkanDevice.h">
      <Filter>Source\Core\Renderer\Vulkan</Filter>
    </ClInclude>
    <ClInclude Include="Source\Core\Renderer\Vulkan\VulkanFramebuffer.h">
      <Filter>Source\Core\Renderer\Vulkan</Filter>
    </ClInclude>
    <ClInclude Include="Source\Core\Renderer\Vulkan\VulkanIndexBuffer.h">
      <Filter>Source\Core\Renderer\Vulkan</Filter>
    </ClInclude>
    <ClInclude Include="Source\Core\Renderer\Vulkan\VulkanInstance.h">
      <Filter>Source\Core\Renderer\Vulkan</Filter>
    </ClInclude>
    <ClInclude Include="Source\Core\Renderer\Vulkan\VulkanMemoryAllocator.h">
      <Filter>Source\Core\Renderer\Vulkan</Filter>
    </ClInclude>
    <ClInclude Include="Source\Core\Renderer\Vulkan\VulkanPipeline.h">
      <Filter>Source\Core\Renderer\Vulkan</Filter>
    </ClInclude>
    <ClInclude Include="Source\Core\Renderer\Vulkan\VulkanPipelineSpecification.h">
      <Filter>Source\Core\Renderer\Vulkan</Filter>
    </ClInclude>
    <ClInclude Include="Source\Core\Renderer\Vulkan\VulkanRendererAPI.h">
      <Filter>Source\Core\Renderer\Vulkan</Filter>
    </ClInclude>
    <ClInclude Include="Source\Core\Renderer\Vulkan\VulkanSemaphore.h">
      <Filter>Source\Core\Renderer\Vulkan</Filter>
    </ClInclude>
    <ClInclude Include="Source\Core\Renderer\Vulkan\VulkanShader.h">
      <Filter>Source\Core\Renderer\Vulkan</Filter>
    </ClInclude>
    <ClInclude Include="Source\Core\Renderer\Vulkan\VulkanStagingBuffer.h">
      <Filter>Source\Core\Renderer\Vulkan</Filter>
    </ClInclude>
    <ClInclude Include="Source\Core\Renderer\Vulkan\VulkanSwapchain.h">
      <Filter>Source\Core\Renderer\Vulkan</Filter>
    </ClInclude>
    <ClInclude Include="Source\Core\Renderer\Vulkan\VulkanTexture.h">
      <Filter>Source\Core\Renderer\Vulkan</Filter>
    </ClInclude>
    <ClInclude Include="Source\Core\Renderer\Vulkan\VulkanVertexBuffer.h">
      <Filter>Source\Core\Renderer\Vulkan</Filter>
    </ClInclude>
    <ClInclude Include="Source\Core\SLog.h">
      <Filter>Source\Core</Filter>
    </ClInclude>
    <ClInclude Include="Source\Core\Scripting\BaseClasses\BaseTupleBehaviour.h">
      <Filter>Source\Core\Scripting\BaseClasses</Filter>
    </ClInclude>
    <ClInclude Include="Source\Core\Scripting\BaseClasses\BehaviourPrimitive.h">
      <Filter>Source\Core\Scripting\BaseClasses</Filter>
    </ClInclude>
    <ClInclude Include="Source\Core\Scripting\BaseClasses\CameraTupleBehaviour.h">
      <Filter>Source\Core\Scripting\BaseClasses</Filter>
    </ClInclude>
    <ClInclude Include="Source\Core\Scripting\BaseClasses\PhysicsTupleBehaviour.h">
      <Filter>Source\Core\Scripting\BaseClasses</Filter>
    </ClInclude>
    <ClInclude Include="Source\Core\Scripting\OutValues.h">
      <Filter>Source\Core\Scripting</Filter>
    </ClInclude>
    <ClInclude Include="Source\Core\Scripting\SystemRegistry.h">
      <Filter>Source\Core\Scripting</Filter>
    </ClInclude>
    <ClInclude Include="Source\Core\Time.h">
      <Filter>Source\Core</Filter>
    </ClInclude>
    <ClInclude Include="Source\Core\Tools.h">
      <Filter>Source\Core</Filter>
    </ClInclude>
    <ClInclude Include="Source\Core\UI\UIButton.h">
      <Filter>Source\Core\UI</Filter>
    </ClInclude>
    <ClInclude Include="Source\Core\UI\UIElement.h">
      <Filter>Source\Core\UI</Filter>
    </ClInclude>
    <ClInclude Include="Source\Core\UI\UITextLabel.h">
      <Filter>Source\Core\UI</Filter>
    </ClInclude>
    <ClInclude Include="Source\Core\Window.h">
      <Filter>Source\Core</Filter>
    </ClInclude>
    <ClInclude Include="Source\SmolEngineCore.h">
      <Filter>Source</Filter>
    </ClInclude>
    <ClInclude Include="Source\stdafx.h">
      <Filter>Source</Filter>
    </ClInclude>
    <ClInclude Include="Source\Core\Renderer\Vulkan\VulkanShaderResources.h">
      <Filter>Source\Core\Renderer\Vulkan</Filter>
    </ClInclude>
    <ClInclude Include="Source\Core\Renderer\Vulkan\VulkanUniformBufferPool.h" />
  </ItemGroup>
  <ItemGroup>
    <ClCompile Include="Libraries\stb_image\stb_image.cpp">
      <Filter>Libraries\stb_image</Filter>
    </ClCompile>
    <ClCompile Include="Source\Core\Animation\Animation2DFrameKey.cpp">
      <Filter>Source\Core\Animation</Filter>
    </ClCompile>
    <ClCompile Include="Source\Core\Animation\AnimationClip.cpp">
      <Filter>Source\Core\Animation</Filter>
    </ClCompile>
    <ClCompile Include="Source\Core\Application.cpp">
      <Filter>Source\Core</Filter>
    </ClCompile>
    <ClCompile Include="Source\Core\AssetManager.cpp">
      <Filter>Source\Core</Filter>
    </ClCompile>
    <ClCompile Include="Source\Core\Audio\AudioClip.cpp">
      <Filter>Source\Core\Audio</Filter>
    </ClCompile>
    <ClCompile Include="Source\Core\Audio\AudioEngine.cpp">
      <Filter>Source\Core\Audio</Filter>
    </ClCompile>
    <ClCompile Include="Source\Core\Audio\AudioSource.cpp">
      <Filter>Source\Core\Audio</Filter>
    </ClCompile>
    <ClCompile Include="Source\Core\ECS\Actor.cpp">
      <Filter>Source\Core\ECS</Filter>
    </ClCompile>
    <ClCompile Include="Source\Core\ECS\ComponentTuples\CameraBaseTuple.cpp">
      <Filter>Source\Core\ECS\ComponentTuples</Filter>
    </ClCompile>
    <ClCompile Include="Source\Core\ECS\ComponentTuples\DefaultBaseTuple.cpp">
      <Filter>Source\Core\ECS\ComponentTuples</Filter>
    </ClCompile>
    <ClCompile Include="Source\Core\ECS\ComponentTuples\PhysicsBaseTuple.cpp">
      <Filter>Source\Core\ECS\ComponentTuples</Filter>
    </ClCompile>
    <ClCompile Include="Source\Core\ECS\ComponentTuples\ResourceTuple.cpp">
      <Filter>Source\Core\ECS\ComponentTuples</Filter>
    </ClCompile>
    <ClCompile Include="Source\Core\ECS\ComponentTuples\SingletonTuple.cpp">
      <Filter>Source\Core\ECS\ComponentTuples</Filter>
    </ClCompile>
    <ClCompile Include="Source\Core\ECS\Components\Animation2DComponent.cpp">
      <Filter>Source\Core\ECS\Components</Filter>
    </ClCompile>
    <ClCompile Include="Source\Core\ECS\Components\AudioSourceComponent.cpp">
      <Filter>Source\Core\ECS\Components</Filter>
    </ClCompile>
    <ClCompile Include="Source\Core\ECS\Components\BehaviourComponent.cpp">
      <Filter>Source\Core\ECS\Components</Filter>
    </ClCompile>
    <ClCompile Include="Source\Core\ECS\Components\Body2DComponent.cpp">
      <Filter>Source\Core\ECS\Components</Filter>
    </ClCompile>
    <ClCompile Include="Source\Core\ECS\Components\CameraComponent.cpp">
      <Filter>Source\Core\ECS\Components</Filter>
    </ClCompile>
    <ClCompile Include="Source\Core\ECS\Components\CanvasComponent.cpp">
      <Filter>Source\Core\ECS\Components</Filter>
    </ClCompile>
    <ClCompile Include="Source\Core\ECS\Components\HeadComponent.cpp">
      <Filter>Source\Core\ECS\Components</Filter>
    </ClCompile>
    <ClCompile Include="Source\Core\ECS\Components\Light2DSourceComponent.cpp">
      <Filter>Source\Core\ECS\Components</Filter>
    </ClCompile>
    <ClCompile Include="Source\Core\ECS\Components\Singletons\AudioEngineSComponent.cpp">
      <Filter>Source\Core\ECS\Components\Singletons</Filter>
    </ClCompile>
    <ClCompile Include="Source\Core\ECS\Components\Singletons\Box2DWorldSComponent.cpp">
      <Filter>Source\Core\ECS\Components\Singletons</Filter>
    </ClCompile>
    <ClCompile Include="Source\Core\ECS\Components\Singletons\FramebufferSComponent.cpp">
      <Filter>Source\Core\ECS\Components\Singletons</Filter>
    </ClCompile>
    <ClCompile Include="Source\Core\ECS\Components\Singletons\ProjectConfigSComponent.cpp">
      <Filter>Source\Core\ECS\Components\Singletons</Filter>
    </ClCompile>
    <ClCompile Include="Source\Core\ECS\Components\Texture2DComponent.cpp">
      <Filter>Source\Core\ECS\Components</Filter>
    </ClCompile>
    <ClCompile Include="Source\Core\ECS\Components\TransformComponent.cpp">
      <Filter>Source\Core\ECS\Components</Filter>
    </ClCompile>
    <ClCompile Include="Source\Core\ECS\SceneData.cpp">
      <Filter>Source\Core\ECS</Filter>
    </ClCompile>
    <ClCompile Include="Source\Core\ECS\Systems\Animation2DSystem.cpp">
      <Filter>Source\Core\ECS\Systems</Filter>
    </ClCompile>
    <ClCompile Include="Source\Core\ECS\Systems\AudioSystem.cpp">
      <Filter>Source\Core\ECS\Systems</Filter>
    </ClCompile>
    <ClCompile Include="Source\Core\ECS\Systems\Box2DPhysicsSystem.cpp">
      <Filter>Source\Core\ECS\Systems</Filter>
    </ClCompile>
    <ClCompile Include="Source\Core\ECS\Systems\CameraSystem.cpp">
      <Filter>Source\Core\ECS\Systems</Filter>
    </ClCompile>
    <ClCompile Include="Source\Core\ECS\Systems\CommandSystem.cpp">
      <Filter>Source\Core\ECS\Systems</Filter>
    </ClCompile>
    <ClCompile Include="Source\Core\ECS\Systems\RendererSystem.cpp">
      <Filter>Source\Core\ECS\Systems</Filter>
    </ClCompile>
    <ClCompile Include="Source\Core\ECS\Systems\UISystem.cpp">
      <Filter>Source\Core\ECS\Systems</Filter>
    </ClCompile>
    <ClCompile Include="Source\Core\ECS\WorldAdmin.cpp">
      <Filter>Source\Core\ECS</Filter>
    </ClCompile>
    <ClCompile Include="Source\Core\EngineCommand.cpp">
      <Filter>Source\Core</Filter>
    </ClCompile>
    <ClCompile Include="Source\Core\EntryPoint.cpp">
      <Filter>Source\Core</Filter>
    </ClCompile>
    <ClCompile Include="Source\Core\EventHandler.cpp">
      <Filter>Source\Core</Filter>
    </ClCompile>
    <ClCompile Include="Source\Core\ImGui\AnimationPanel.cpp">
      <Filter>Source\Core\ImGui</Filter>
    </ClCompile>
    <ClCompile Include="Source\Core\ImGui\BuildPanel.cpp">
      <Filter>Source\Core\ImGui</Filter>
    </ClCompile>
    <ClCompile Include="Source\Core\ImGui\EditorConsole.cpp">
      <Filter>Source\Core\ImGui</Filter>
    </ClCompile>
    <ClCompile Include="Source\Core\ImGui\EditorPanels.cpp">
      <Filter>Source\Core\ImGui</Filter>
    </ClCompile>
    <ClCompile Include="Source\Core\ImGui\ImGuiBuid.cpp">
      <Filter>Source\Core\ImGui</Filter>
    </ClCompile>
    <ClCompile Include="Source\Core\ImGui\ImGuiExtension.cpp">
      <Filter>Source\Core\ImGui</Filter>
    </ClCompile>
    <ClCompile Include="Source\Core\ImGui\ImGuiLayer.cpp">
      <Filter>Source\Core\ImGui</Filter>
    </ClCompile>
    <ClCompile Include="Source\Core\ImGui\ImGuiVulkanImpl.cpp">
      <Filter>Source\Core\ImGui</Filter>
    </ClCompile>
    <ClCompile Include="Source\Core\ImGui\NodeEditor\imnodes.cpp">
      <Filter>Source\Core\ImGui\NodeEditor</Filter>
    </ClCompile>
    <ClCompile Include="Source\Core\Layer.cpp">
      <Filter>Source\Core</Filter>
    </ClCompile>
    <ClCompile Include="Source\Core\LayerManager.cpp">
      <Filter>Source\Core</Filter>
    </ClCompile>
    <ClCompile Include="Source\Core\Physics2D\Box2D\Body2D.cpp">
      <Filter>Source\Core\Physics2D\Box2D</Filter>
    </ClCompile>
    <ClCompile Include="Source\Core\Physics2D\Box2D\CollisionFilter2D.cpp">
      <Filter>Source\Core\Physics2D\Box2D</Filter>
    </ClCompile>
    <ClCompile Include="Source\Core\Physics2D\Box2D\CollisionListener2D.cpp">
      <Filter>Source\Core\Physics2D\Box2D</Filter>
    </ClCompile>
    <ClCompile Include="Source\Core\Physics2D\Box2D\RayCast2D.cpp">
      <Filter>Source\Core\Physics2D\Box2D</Filter>
    </ClCompile>
    <ClCompile Include="Source\Core\Renderer\Buffer.cpp">
      <Filter>Source\Core\Renderer</Filter>
    </ClCompile>
    <ClCompile Include="Source\Core\Renderer\Camera.cpp">
      <Filter>Source\Core\Renderer</Filter>
    </ClCompile>
    <ClCompile Include="Source\Core\Renderer\Framebuffer.cpp">
      <Filter>Source\Core\Renderer</Filter>
    </ClCompile>
    <ClCompile Include="Source\Core\Renderer\GraphicsContext.cpp">
      <Filter>Source\Core\Renderer</Filter>
    </ClCompile>
    <ClCompile Include="Source\Core\Renderer\Mesh.cpp">
      <Filter>Source\Core\Renderer</Filter>
    </ClCompile>
    <ClCompile Include="Source\Core\Renderer\OpenGL\OpenglBuffer.cpp">
      <Filter>Source\Core\Renderer\OpenGL</Filter>
    </ClCompile>
    <ClCompile Include="Source\Core\Renderer\OpenGL\OpenglContext.cpp">
      <Filter>Source\Core\Renderer\OpenGL</Filter>
    </ClCompile>
    <ClCompile Include="Source\Core\Renderer\OpenGL\OpenglFramebuffer.cpp">
      <Filter>Source\Core\Renderer\OpenGL</Filter>
    </ClCompile>
    <ClCompile Include="Source\Core\Renderer\OpenGL\OpenglRendererAPI.cpp">
      <Filter>Source\Core\Renderer\OpenGL</Filter>
    </ClCompile>
    <ClCompile Include="Source\Core\Renderer\OpenGL\OpenglShader.cpp">
      <Filter>Source\Core\Renderer\OpenGL</Filter>
    </ClCompile>
    <ClCompile Include="Source\Core\Renderer\OpenGL\OpenglTexture.cpp">
      <Filter>Source\Core\Renderer\OpenGL</Filter>
    </ClCompile>
    <ClCompile Include="Source\Core\Renderer\OpenGL\OpenglVertexArray.cpp">
      <Filter>Source\Core\Renderer\OpenGL</Filter>
    </ClCompile>
    <ClCompile Include="Source\Core\Renderer\Renderer.cpp">
      <Filter>Source\Core\Renderer</Filter>
    </ClCompile>
    <ClCompile Include="Source\Core\Renderer\Renderer2D.cpp">
      <Filter>Source\Core\Renderer</Filter>
    </ClCompile>
    <ClCompile Include="Source\Core\Renderer\RendererAPI.cpp">
      <Filter>Source\Core\Renderer</Filter>
    </ClCompile>
    <ClCompile Include="Source\Core\Renderer\Shader.cpp">
      <Filter>Source\Core\Renderer</Filter>
    </ClCompile>
    <ClCompile Include="Source\Core\Renderer\SubTexture.cpp">
      <Filter>Source\Core\Renderer</Filter>
    </ClCompile>
    <ClCompile Include="Source\Core\Renderer\Text.cpp">
      <Filter>Source\Core\Renderer</Filter>
    </ClCompile>
    <ClCompile Include="Source\Core\Renderer\Texture.cpp">
      <Filter>Source\Core\Renderer</Filter>
    </ClCompile>
    <ClCompile Include="Source\Core\Renderer\Vulkan\VulkanBuffer.cpp">
      <Filter>Source\Core\Renderer\Vulkan</Filter>
    </ClCompile>
    <ClCompile Include="Source\Core\Renderer\Vulkan\VulkanCommandBuffer.cpp">
      <Filter>Source\Core\Renderer\Vulkan</Filter>
    </ClCompile>
    <ClCompile Include="Source\Core\Renderer\Vulkan\VulkanCommandPool.cpp">
      <Filter>Source\Core\Renderer\Vulkan</Filter>
    </ClCompile>
    <ClCompile Include="Source\Core\Renderer\Vulkan\VulkanContext.cpp">
      <Filter>Source\Core\Renderer\Vulkan</Filter>
    </ClCompile>
    <ClCompile Include="Source\Core\Renderer\Vulkan\VulkanDescriptor.cpp">
      <Filter>Source\Core\Renderer\Vulkan</Filter>
    </ClCompile>
    <ClCompile Include="Source\Core\Renderer\Vulkan\VulkanDevice.cpp">
      <Filter>Source\Core\Renderer\Vulkan</Filter>
    </ClCompile>
    <ClCompile Include="Source\Core\Renderer\Vulkan\VulkanFramebuffer.cpp">
      <Filter>Source\Core\Renderer\Vulkan</Filter>
    </ClCompile>
    <ClCompile Include="Source\Core\Renderer\Vulkan\VulkanIndexBuffer.cpp">
      <Filter>Source\Core\Renderer\Vulkan</Filter>
    </ClCompile>
    <ClCompile Include="Source\Core\Renderer\Vulkan\VulkanInstance.cpp">
      <Filter>Source\Core\Renderer\Vulkan</Filter>
    </ClCompile>
    <ClCompile Include="Source\Core\Renderer\Vulkan\VulkanMemoryAllocator.cpp">
      <Filter>Source\Core\Renderer\Vulkan</Filter>
    </ClCompile>
    <ClCompile Include="Source\Core\Renderer\Vulkan\VulkanPipeline.cpp">
      <Filter>Source\Core\Renderer\Vulkan</Filter>
    </ClCompile>
    <ClCompile Include="Source\Core\Renderer\Vulkan\VulkanRendererAPI.cpp">
      <Filter>Source\Core\Renderer\Vulkan</Filter>
    </ClCompile>
    <ClCompile Include="Source\Core\Renderer\Vulkan\VulkanSemaphore.cpp">
      <Filter>Source\Core\Renderer\Vulkan</Filter>
    </ClCompile>
    <ClCompile Include="Source\Core\Renderer\Vulkan\VulkanShader.cpp">
      <Filter>Source\Core\Renderer\Vulkan</Filter>
    </ClCompile>
    <ClCompile Include="Source\Core\Renderer\Vulkan\VulkanStagingBuffer.cpp">
      <Filter>Source\Core\Renderer\Vulkan</Filter>
    </ClCompile>
    <ClCompile Include="Source\Core\Renderer\Vulkan\VulkanSwapchain.cpp">
      <Filter>Source\Core\Renderer\Vulkan</Filter>
    </ClCompile>
    <ClCompile Include="Source\Core\Renderer\Vulkan\VulkanTexture.cpp">
      <Filter>Source\Core\Renderer\Vulkan</Filter>
    </ClCompile>
    <ClCompile Include="Source\Core\Renderer\Vulkan\VulkanVertexBuffer.cpp">
      <Filter>Source\Core\Renderer\Vulkan</Filter>
    </ClCompile>
    <ClCompile Include="Source\Core\SLog.cpp">
      <Filter>Source\Core</Filter>
    </ClCompile>
    <ClCompile Include="Source\Core\Scripting\BaseClasses\BaseTupleBehaviour.cpp">
      <Filter>Source\Core\Scripting\BaseClasses</Filter>
    </ClCompile>
    <ClCompile Include="Source\Core\Scripting\BaseClasses\BehaviourPrimitive.cpp">
      <Filter>Source\Core\Scripting\BaseClasses</Filter>
    </ClCompile>
    <ClCompile Include="Source\Core\Scripting\BaseClasses\CameraTupleBehaviour.cpp">
      <Filter>Source\Core\Scripting\BaseClasses</Filter>
    </ClCompile>
    <ClCompile Include="Source\Core\Scripting\BaseClasses\PhysicsTupleBehaviour.cpp">
      <Filter>Source\Core\Scripting\BaseClasses</Filter>
    </ClCompile>
    <ClCompile Include="Source\Core\Scripting\SystemRegistry.cpp">
      <Filter>Source\Core\Scripting</Filter>
    </ClCompile>
    <ClCompile Include="Source\Core\UI\UIButton.cpp">
      <Filter>Source\Core\UI</Filter>
    </ClCompile>
    <ClCompile Include="Source\Core\UI\UITextLabel.cpp">
      <Filter>Source\Core\UI</Filter>
    </ClCompile>
    <ClCompile Include="Source\Core\Window.cpp">
      <Filter>Source\Core</Filter>
    </ClCompile>
    <ClCompile Include="Source\stdafx.cpp">
      <Filter>Source</Filter>
    </ClCompile>
    <ClCompile Include="Source\Core\Renderer\Vulkan\VulkanUniformBufferPool.cpp" />
  </ItemGroup>
</Project>