<?xml version="1.0" encoding="utf-8"?>
<Project ToolsVersion="4.0" xmlns="http://schemas.microsoft.com/developer/msbuild/2003">
  <ItemGroup>
    <Filter Include="src">
      <UniqueIdentifier>{e6058572-f4bc-4730-9d3a-d1e375ab7ac8}</UniqueIdentifier>
    </Filter>
    <Filter Include="src\Engine">
      <UniqueIdentifier>{61660a1c-416e-46f9-8fb3-5f31109a6cb5}</UniqueIdentifier>
    </Filter>
  </ItemGroup>
  <ItemGroup>
    <ClInclude Include="Source\SmolEngineCore.h">
      <Filter>src</Filter>
    </ClInclude>
    <ClInclude Include="Source\Core\Application.h">
      <Filter>src\Engine</Filter>
    </ClInclude>
    <ClInclude Include="Source\Core\Core.h">
      <Filter>src\Engine</Filter>
    </ClInclude>
    <ClInclude Include="Source\Core\EntryPoint.h" />
    <ClInclude Include="Source\Core\SLog.h" />
    <ClInclude Include="Source\Core\stdafx.h" />
  </ItemGroup>
  <ItemGroup>
    <ClCompile Include="Source\Core\Application.cpp">
      <Filter>src\Engine</Filter>
    </ClCompile>
    <ClCompile Include="Source\Core\SLog.cpp" />
    <ClCompile Include="Source\Core\stdafx.cpp" />
  </ItemGroup>
  <ItemGroup>
    <None Include="cpp.hint" />
  </ItemGroup>
</Project>